Microsoft Visual Studio Solution File, Format Version 12.00
# Visual Studio 15
VisualStudioVersion = 15.0.28307.645
MinimumVisualStudioVersion = 10.0.40219.1
Project("{2150E333-8FDC-42A3-9474-1A3956D46DE8}") = "utils_lgpl", "utils_lgpl", "{61ED5423-6C74-4634-94E3-B6BC1504B72F}"
EndProject
Project("{2150E333-8FDC-42A3-9474-1A3956D46DE8}") = "delftio", "delftio", "{D5B85B94-867E-42CD-8468-E7CBDC9913CC}"
EndProject
Project("{2150E333-8FDC-42A3-9474-1A3956D46DE8}") = "esmfsm", "esmfsm", "{DF82D5FD-55E6-428C-A9EF-98F8E8A9B39E}"
EndProject
Project("{2150E333-8FDC-42A3-9474-1A3956D46DE8}") = "nefis", "nefis", "{100E3FF2-6880-4F5A-A62A-BD536E9C6BED}"
EndProject
Project("{2150E333-8FDC-42A3-9474-1A3956D46DE8}") = "deltares_common", "deltares_common", "{A704B858-8B41-4DF7-B55A-8841B3D8A00F}"
EndProject
Project("{2150E333-8FDC-42A3-9474-1A3956D46DE8}") = "engines_gpl", "engines_gpl", "{FFF96C77-7996-40DE-B93D-76501B9078AC}"
EndProject
Project("{2150E333-8FDC-42A3-9474-1A3956D46DE8}") = "flow2d3d", "flow2d3d", "{E4A232C4-0921-4C21-845C-3BCFA69F4BC0}"
EndProject
Project("{2150E333-8FDC-42A3-9474-1A3956D46DE8}") = "tools_gpl", "tools_gpl", "{1F1EB853-7118-4108-B241-B602CF4D634F}"
EndProject
Project("{2150E333-8FDC-42A3-9474-1A3956D46DE8}") = "datsel", "datsel", "{59A84FD4-2855-46FC-9C97-1138198188CE}"
EndProject
Project("{2150E333-8FDC-42A3-9474-1A3956D46DE8}") = "lint", "lint", "{8AD9DE3D-3324-4E38-858C-5E25D72C18F7}"
EndProject
Project("{2150E333-8FDC-42A3-9474-1A3956D46DE8}") = "kubint", "kubint", "{D05BC9F9-8D5C-435A-883E-52C85CC3188B}"
EndProject
Project("{2150E333-8FDC-42A3-9474-1A3956D46DE8}") = "tests", "tests", "{EE53212E-A457-48EE-B57A-6A56AC12DD34}"
EndProject
Project("{2150E333-8FDC-42A3-9474-1A3956D46DE8}") = "mormerge", "mormerge", "{71F8BE9A-6A6B-4645-AE33-234E67B59DFE}"
EndProject
Project("{2150E333-8FDC-42A3-9474-1A3956D46DE8}") = "ec-module", "ec-module", "{4D7B6AB4-42D2-4A93-959B-A2B0CB4C70AF}"
EndProject
Project("{2150E333-8FDC-42A3-9474-1A3956D46DE8}") = "plugins_lgpl", "plugins_lgpl", "{562C69FC-B73F-4184-9CFE-9A29B86F5409}"
EndProject
Project("{2150E333-8FDC-42A3-9474-1A3956D46DE8}") = "plugin_delftflow_traform", "plugin_delftflow_traform", "{04688CC5-46A6-4698-A034-D2B9B72AB69B}"
EndProject
Project("{2150E333-8FDC-42A3-9474-1A3956D46DE8}") = "plugin_culvert", "plugin_culvert", "{08AC1536-33A7-45EB-B102-51DE1D107B52}"
EndProject
Project("{2150E333-8FDC-42A3-9474-1A3956D46DE8}") = "d_hydro", "d_hydro", "{69232C4D-43DF-40CF-AB26-5CDB4E555E61}"
EndProject
Project("{8BC9CEB8-8B4A-11D0-8D11-00A0C91BC942}") = "esmfsm_c", "utils_lgpl\esmfsm\packages\esmfsm_c\esmfsm_c.vcxproj", "{5D050FBC-7AFA-4D3C-8AE8-D8C138F15596}"
	ProjectSection(ProjectDependencies) = postProject
		{73054CB6-9CC1-45D0-91A9-EDF50CF361A4} = {73054CB6-9CC1-45D0-91A9-EDF50CF361A4}
	EndProjectSection
EndProject
Project("{6989167D-11E4-40FE-8C1A-2192A86A7E90}") = "datsel_f", "tools_gpl\datsel\packages\datsel_f\datsel_f.vfproj", "{03B0B2AB-125F-49E6-9C53-ED7E5FC7718D}"
	ProjectSection(ProjectDependencies) = postProject
		{51065F4C-23D3-4C5F-AF5B-E70776409D7B} = {51065F4C-23D3-4C5F-AF5B-E70776409D7B}
		{A7BAFE5D-1301-48F8-878B-9BECB3DDE241} = {A7BAFE5D-1301-48F8-878B-9BECB3DDE241}
		{2D6BCBCA-CC6C-49FE-A6AA-61AF62529118} = {2D6BCBCA-CC6C-49FE-A6AA-61AF62529118}
	EndProjectSection
EndProject
Project("{6989167D-11E4-40FE-8C1A-2192A86A7E90}") = "lint_f", "tools_gpl\lint\packages\lint_f\lint_f.vfproj", "{0ACAC0F8-A142-4811-83AA-598E80A38FBB}"
EndProject
Project("{8BC9CEB8-8B4A-11D0-8D11-00A0C91BC942}") = "datsel", "tools_gpl\datsel\packages\datsel\datsel.vcxproj", "{64F27FE8-975F-4F36-8C39-0BE14AB6C89E}"
	ProjectSection(ProjectDependencies) = postProject
		{51065F4C-23D3-4C5F-AF5B-E70776409D7B} = {51065F4C-23D3-4C5F-AF5B-E70776409D7B}
		{C43743A1-7208-41D0-AA2D-098A15E43559} = {C43743A1-7208-41D0-AA2D-098A15E43559}
		{03B0B2AB-125F-49E6-9C53-ED7E5FC7718D} = {03B0B2AB-125F-49E6-9C53-ED7E5FC7718D}
		{B57FD1B0-684A-4A26-946D-2B54D0EB3994} = {B57FD1B0-684A-4A26-946D-2B54D0EB3994}
		{73054CB6-9CC1-45D0-91A9-EDF50CF361A4} = {73054CB6-9CC1-45D0-91A9-EDF50CF361A4}
		{5D050FBC-7AFA-4D3C-8AE8-D8C138F15596} = {5D050FBC-7AFA-4D3C-8AE8-D8C138F15596}
		{2D6BCBCA-CC6C-49FE-A6AA-61AF62529118} = {2D6BCBCA-CC6C-49FE-A6AA-61AF62529118}
		{0FB6AEED-A49C-4FD2-9F17-2B0C1ED28BE3} = {0FB6AEED-A49C-4FD2-9F17-2B0C1ED28BE3}
	EndProjectSection
EndProject
Project("{8BC9CEB8-8B4A-11D0-8D11-00A0C91BC942}") = "nefis", "utils_lgpl\nefis\packages\nefis\nefis.vcxproj", "{A7BAFE5D-1301-48F8-878B-9BECB3DDE241}"
	ProjectSection(ProjectDependencies) = postProject
		{0FB6AEED-A49C-4FD2-9F17-2B0C1ED28BE3} = {0FB6AEED-A49C-4FD2-9F17-2B0C1ED28BE3}
	EndProjectSection
EndProject
Project("{6989167D-11E4-40FE-8C1A-2192A86A7E90}") = "kubint_f", "tools_gpl\kubint\packages\kubint_f\kubint_f.vfproj", "{8ADDAA1C-ABB3-4E0F-AB8C-A905C6CC9EDF}"
EndProject
Project("{8BC9CEB8-8B4A-11D0-8D11-00A0C91BC942}") = "kubint", "tools_gpl\kubint\packages\kubint\kubint.vcxproj", "{BC28FF1D-CC36-4812-B9AB-D3E8EF785FB2}"
	ProjectSection(ProjectDependencies) = postProject
		{8ADDAA1C-ABB3-4E0F-AB8C-A905C6CC9EDF} = {8ADDAA1C-ABB3-4E0F-AB8C-A905C6CC9EDF}
	EndProjectSection
EndProject
Project("{8BC9CEB8-8B4A-11D0-8D11-00A0C91BC942}") = "lint", "tools_gpl\lint\packages\lint\lint.vcxproj", "{685C7F3B-DD9A-4A64-AC7C-51A12391AA5E}"
	ProjectSection(ProjectDependencies) = postProject
		{1544CEA3-1365-4482-A719-FF5C14BBAE29} = {1544CEA3-1365-4482-A719-FF5C14BBAE29}
		{0ACAC0F8-A142-4811-83AA-598E80A38FBB} = {0ACAC0F8-A142-4811-83AA-598E80A38FBB}
	EndProjectSection
EndProject
Project("{6989167D-11E4-40FE-8C1A-2192A86A7E90}") = "delftio", "utils_lgpl\delftio\packages\delftio\delftio.vfproj", "{91C4971E-914C-4AD8-9711-6B53E856884C}"
	ProjectSection(ProjectDependencies) = postProject
		{51065F4C-23D3-4C5F-AF5B-E70776409D7B} = {51065F4C-23D3-4C5F-AF5B-E70776409D7B}
		{A056DC84-1808-49C6-BFAA-41EBE324A1FC} = {A056DC84-1808-49C6-BFAA-41EBE324A1FC}
		{2D6BCBCA-CC6C-49FE-A6AA-61AF62529118} = {2D6BCBCA-CC6C-49FE-A6AA-61AF62529118}
	EndProjectSection
EndProject
Project("{8BC9CEB8-8B4A-11D0-8D11-00A0C91BC942}") = "delftio_shm", "utils_lgpl\delftio\packages\delftio_shm\delftio_shm.vcxproj", "{A056DC84-1808-49C6-BFAA-41EBE324A1FC}"
EndProject
Project("{6989167D-11E4-40FE-8C1A-2192A86A7E90}") = "esmfsm", "utils_lgpl\esmfsm\packages\esmfsm\esmfsm.vfproj", "{C43743A1-7208-41D0-AA2D-098A15E43559}"
	ProjectSection(ProjectDependencies) = postProject
		{73054CB6-9CC1-45D0-91A9-EDF50CF361A4} = {73054CB6-9CC1-45D0-91A9-EDF50CF361A4}
		{5D050FBC-7AFA-4D3C-8AE8-D8C138F15596} = {5D050FBC-7AFA-4D3C-8AE8-D8C138F15596}
		{2D6BCBCA-CC6C-49FE-A6AA-61AF62529118} = {2D6BCBCA-CC6C-49FE-A6AA-61AF62529118}
	EndProjectSection
EndProject
Project("{8BC9CEB8-8B4A-11D0-8D11-00A0C91BC942}") = "nefis_dll", "utils_lgpl\nefis\packages\nefis\nefis_dll.vcxproj", "{0FB6AEED-A49C-4FD2-9F17-2B0C1ED28BE3}"
EndProject
Project("{8BC9CEB8-8B4A-11D0-8D11-00A0C91BC942}") = "datsel_version_number", "tools_gpl\datsel\packages\datsel_version_number\datsel_version_number.vcxproj", "{9FB4A6D1-4EC2-4341-AA6D-878AE2BF65BC}"
EndProject
Project("{6989167D-11E4-40FE-8C1A-2192A86A7E90}") = "deltares_common", "utils_lgpl\deltares_common\packages\deltares_common\deltares_common.vfproj", "{2D6BCBCA-CC6C-49FE-A6AA-61AF62529118}"
	ProjectSection(ProjectDependencies) = postProject
		{51065F4C-23D3-4C5F-AF5B-E70776409D7B} = {51065F4C-23D3-4C5F-AF5B-E70776409D7B}
		{1ED7D7C9-ACA9-4A50-8217-0901E12B1D70} = {1ED7D7C9-ACA9-4A50-8217-0901E12B1D70}
	EndProjectSection
EndProject
Project("{8BC9CEB8-8B4A-11D0-8D11-00A0C91BC942}") = "deltares_common_c", "utils_lgpl\deltares_common\packages\deltares_common_c\deltares_common_c.vcxproj", "{51065F4C-23D3-4C5F-AF5B-E70776409D7B}"
EndProject
Project("{8BC9CEB8-8B4A-11D0-8D11-00A0C91BC942}") = "esmfsm_version_number", "utils_lgpl\esmfsm\packages\esmfsm_version_number\esmfsm_version_number.vcxproj", "{73054CB6-9CC1-45D0-91A9-EDF50CF361A4}"
EndProject
Project("{8BC9CEB8-8B4A-11D0-8D11-00A0C91BC942}") = "kubint_version_number", "tools_gpl\kubint\packages\kubint_version_number\kubint_version_number.vcxproj", "{828C8956-8E10-40E6-95E1-25F29A74B701}"
EndProject
Project("{8BC9CEB8-8B4A-11D0-8D11-00A0C91BC942}") = "lint_version_number", "tools_gpl\lint\packages\lint_version_number\lint_version_number.vcxproj", "{83B2DCB2-3F71-41A7-B235-C4E32045C730}"
EndProject
Project("{6989167D-11E4-40FE-8C1A-2192A86A7E90}") = "data", "engines_gpl\flow2d3d\packages\flow2d3d_data\data.vfproj", "{E4DD914F-DCA3-4CF6-A2C0-6461270D3235}"
	ProjectSection(ProjectDependencies) = postProject
		{91C4971E-914C-4AD8-9711-6B53E856884C} = {91C4971E-914C-4AD8-9711-6B53E856884C}
		{C29AA190-5BE8-4674-AA8A-E858964D3C08} = {C29AA190-5BE8-4674-AA8A-E858964D3C08}
		{1544CEA3-1365-4482-A719-FF5C14BBAE29} = {1544CEA3-1365-4482-A719-FF5C14BBAE29}
		{B57FD1B0-684A-4A26-946D-2B54D0EB3994} = {B57FD1B0-684A-4A26-946D-2B54D0EB3994}
		{2D6BCBCA-CC6C-49FE-A6AA-61AF62529118} = {2D6BCBCA-CC6C-49FE-A6AA-61AF62529118}
		{62E2E1DA-4AFA-4880-A508-1C4F217C93B1} = {62E2E1DA-4AFA-4880-A508-1C4F217C93B1}
		{5F3AF3FA-1CF3-4D3D-A105-8859BE35B757} = {5F3AF3FA-1CF3-4D3D-A105-8859BE35B757}
	EndProjectSection
EndProject
Project("{6989167D-11E4-40FE-8C1A-2192A86A7E90}") = "io", "engines_gpl\flow2d3d\packages\flow2d3d_io\io.vfproj", "{10D19D73-B9E4-42BB-844A-082A986ED6C5}"
	ProjectSection(ProjectDependencies) = postProject
		{18FB4D20-7250-4F05-A237-E0E8D6BA601A} = {18FB4D20-7250-4F05-A237-E0E8D6BA601A}
		{E4DD914F-DCA3-4CF6-A2C0-6461270D3235} = {E4DD914F-DCA3-4CF6-A2C0-6461270D3235}
		{F3329356-5A5C-42F2-9134-5A29D0E1A7EC} = {F3329356-5A5C-42F2-9134-5A29D0E1A7EC}
		{C29AA190-5BE8-4674-AA8A-E858964D3C08} = {C29AA190-5BE8-4674-AA8A-E858964D3C08}
		{1544CEA3-1365-4482-A719-FF5C14BBAE29} = {1544CEA3-1365-4482-A719-FF5C14BBAE29}
		{B57FD1B0-684A-4A26-946D-2B54D0EB3994} = {B57FD1B0-684A-4A26-946D-2B54D0EB3994}
		{3D34F0B9-2711-4C1B-B59E-5AF94894264B} = {3D34F0B9-2711-4C1B-B59E-5AF94894264B}
		{2D6BCBCA-CC6C-49FE-A6AA-61AF62529118} = {2D6BCBCA-CC6C-49FE-A6AA-61AF62529118}
		{5F3AF3FA-1CF3-4D3D-A105-8859BE35B757} = {5F3AF3FA-1CF3-4D3D-A105-8859BE35B757}
	EndProjectSection
EndProject
Project("{6989167D-11E4-40FE-8C1A-2192A86A7E90}") = "io_dol_f", "engines_gpl\flow2d3d\packages\flow2d3d_io_dol_f\io_dol_f.vfproj", "{AAE44000-23CC-4039-B135-3E04708C6CE2}"
	ProjectSection(ProjectDependencies) = postProject
		{E9A42412-934D-4E9C-B035-FA6CDABD97BC} = {E9A42412-934D-4E9C-B035-FA6CDABD97BC}
	EndProjectSection
EndProject
Project("{6989167D-11E4-40FE-8C1A-2192A86A7E90}") = "kernel", "engines_gpl\flow2d3d\packages\flow2d3d_kernel\kernel.vfproj", "{6BD9299F-31B8-4AB1-B6CE-62DA33CF19B5}"
	ProjectSection(ProjectDependencies) = postProject
		{AAE44000-23CC-4039-B135-3E04708C6CE2} = {AAE44000-23CC-4039-B135-3E04708C6CE2}
		{FEBFF54E-5BBA-454C-A4A5-326B8D858990} = {FEBFF54E-5BBA-454C-A4A5-326B8D858990}
		{E4DD914F-DCA3-4CF6-A2C0-6461270D3235} = {E4DD914F-DCA3-4CF6-A2C0-6461270D3235}
		{B57FD1B0-684A-4A26-946D-2B54D0EB3994} = {B57FD1B0-684A-4A26-946D-2B54D0EB3994}
		{2D6BCBCA-CC6C-49FE-A6AA-61AF62529118} = {2D6BCBCA-CC6C-49FE-A6AA-61AF62529118}
		{5F3AF3FA-1CF3-4D3D-A105-8859BE35B757} = {5F3AF3FA-1CF3-4D3D-A105-8859BE35B757}
	EndProjectSection
EndProject
Project("{6989167D-11E4-40FE-8C1A-2192A86A7E90}") = "kernel_dd_f", "engines_gpl\flow2d3d\packages\flow2d3d_kernel_dd_f\kernel_dd_f.vfproj", "{FEBFF54E-5BBA-454C-A4A5-326B8D858990}"
	ProjectSection(ProjectDependencies) = postProject
		{10D19D73-B9E4-42BB-844A-082A986ED6C5} = {10D19D73-B9E4-42BB-844A-082A986ED6C5}
	EndProjectSection
EndProject
Project("{6989167D-11E4-40FE-8C1A-2192A86A7E90}") = "manager", "engines_gpl\flow2d3d\packages\flow2d3d_manager\manager.vfproj", "{F9102D02-48CF-4954-B1C2-ED815BAA11A6}"
	ProjectSection(ProjectDependencies) = postProject
		{AAE44000-23CC-4039-B135-3E04708C6CE2} = {AAE44000-23CC-4039-B135-3E04708C6CE2}
		{6BD9299F-31B8-4AB1-B6CE-62DA33CF19B5} = {6BD9299F-31B8-4AB1-B6CE-62DA33CF19B5}
		{B57FD1B0-684A-4A26-946D-2B54D0EB3994} = {B57FD1B0-684A-4A26-946D-2B54D0EB3994}
	EndProjectSection
EndProject
Project("{6989167D-11E4-40FE-8C1A-2192A86A7E90}") = "plugin_user", "engines_gpl\flow2d3d\packages\flow2d3d_plugin_user\plugin_user.vfproj", "{E9A42412-934D-4E9C-B035-FA6CDABD97BC}"
	ProjectSection(ProjectDependencies) = postProject
		{E4DD914F-DCA3-4CF6-A2C0-6461270D3235} = {E4DD914F-DCA3-4CF6-A2C0-6461270D3235}
	EndProjectSection
EndProject
Project("{8BC9CEB8-8B4A-11D0-8D11-00A0C91BC942}") = "01-smalltest", "utils_lgpl\deltares_common\tests\02_streams_smalltest\01-smalltest.vcxproj", "{F0E67372-E42B-4FEB-9B61-82BE85DDCBFF}"
	ProjectSection(ProjectDependencies) = postProject
		{51065F4C-23D3-4C5F-AF5B-E70776409D7B} = {51065F4C-23D3-4C5F-AF5B-E70776409D7B}
	EndProjectSection
EndProject
Project("{8BC9CEB8-8B4A-11D0-8D11-00A0C91BC942}") = "02-streamtest", "utils_lgpl\deltares_common\tests\03_streams_test\02-streamtest.vcxproj", "{4FE52682-46E0-4703-82FA-CCA07DC3F611}"
	ProjectSection(ProjectDependencies) = postProject
		{51065F4C-23D3-4C5F-AF5B-E70776409D7B} = {51065F4C-23D3-4C5F-AF5B-E70776409D7B}
	EndProjectSection
EndProject
Project("{6989167D-11E4-40FE-8C1A-2192A86A7E90}") = "mormerge", "tools_gpl\mormerge\packages\mormerge\mormerge.vfproj", "{5849A2F3-6526-4967-97CF-30CA683A16CC}"
	ProjectSection(ProjectDependencies) = postProject
		{51065F4C-23D3-4C5F-AF5B-E70776409D7B} = {51065F4C-23D3-4C5F-AF5B-E70776409D7B}
		{2D6BCBCA-CC6C-49FE-A6AA-61AF62529118} = {2D6BCBCA-CC6C-49FE-A6AA-61AF62529118}
	EndProjectSection
EndProject
Project("{6989167D-11E4-40FE-8C1A-2192A86A7E90}") = "ec_module", "utils_lgpl\ec_module\packages\ec_module\ec_module.vfproj", "{62E2E1DA-4AFA-4880-A508-1C4F217C93B1}"
	ProjectSection(ProjectDependencies) = postProject
		{7CD53A26-F17A-4FD8-A8D6-B5D768396523} = {7CD53A26-F17A-4FD8-A8D6-B5D768396523}
		{D343152C-DE4D-43BA-B40F-DCE169B95416} = {D343152C-DE4D-43BA-B40F-DCE169B95416}
		{C29AA190-5BE8-4674-AA8A-E858964D3C08} = {C29AA190-5BE8-4674-AA8A-E858964D3C08}
		{3D34F0B9-2711-4C1B-B59E-5AF94894264B} = {3D34F0B9-2711-4C1B-B59E-5AF94894264B}
		{1ED7D7C9-ACA9-4A50-8217-0901E12B1D70} = {1ED7D7C9-ACA9-4A50-8217-0901E12B1D70}
		{2D6BCBCA-CC6C-49FE-A6AA-61AF62529118} = {2D6BCBCA-CC6C-49FE-A6AA-61AF62529118}
	EndProjectSection
EndProject
Project("{6989167D-11E4-40FE-8C1A-2192A86A7E90}") = "plugin_delftflow_traform", "plugins_lgpl\plugin_delftflow_traform\plugin_delftflow_traform.vfproj", "{BB021F24-40FB-47B8-AA35-874726D642B9}"
EndProject
Project("{6989167D-11E4-40FE-8C1A-2192A86A7E90}") = "plugin_culvert", "plugins_lgpl\plugin_culvert\plugin_culvert.vfproj", "{B986E78F-2CEE-49F4-8F50-52D4961E0A28}"
EndProject
Project("{6989167D-11E4-40FE-8C1A-2192A86A7E90}") = "ftnunit", "utils_lgpl\ftnunit\packages\ftnunit\ftnunit.vfproj", "{10382558-3C7B-4BED-BEE8-C89EDCAE740B}"
EndProject
Project("{8BC9CEB8-8B4A-11D0-8D11-00A0C91BC942}") = "d_hydro", "engines_gpl\d_hydro\packages\d_hydro\d_hydro.vcxproj", "{1AD4A51A-0A37-464E-BEC2-9D840FC0139F}"
	ProjectSection(ProjectDependencies) = postProject
		{2D6BCBCA-CC6C-49FE-A6AA-61AF62529118} = {2D6BCBCA-CC6C-49FE-A6AA-61AF62529118}
		{C47698E9-FAF7-4B58-8D5D-416C10685325} = {C47698E9-FAF7-4B58-8D5D-416C10685325}
	EndProjectSection
EndProject
Project("{2150E333-8FDC-42A3-9474-1A3956D46DE8}") = "d_hydro_lib", "d_hydro_lib", "{C9C3E32A-309C-433F-B463-4F677A20F0B9}"
EndProject
Project("{8BC9CEB8-8B4A-11D0-8D11-00A0C91BC942}") = "d_hydro_lib", "utils_lgpl\d_hydro_lib\packages\d_hydro_lib\d_hydro_lib.vcxproj", "{C47698E9-FAF7-4B58-8D5D-416C10685325}"
EndProject
Project("{8BC9CEB8-8B4A-11D0-8D11-00A0C91BC942}") = "flow2d3d", "engines_gpl\flow2d3d\packages\flow2d3d\flow2d3d.vcxproj", "{005E6B5B-C1D0-4DB2-9870-2098A33C40D0}"
	ProjectSection(ProjectDependencies) = postProject
		{AAE44000-23CC-4039-B135-3E04708C6CE2} = {AAE44000-23CC-4039-B135-3E04708C6CE2}
		{F9102D02-48CF-4954-B1C2-ED815BAA11A6} = {F9102D02-48CF-4954-B1C2-ED815BAA11A6}
		{E9A42412-934D-4E9C-B035-FA6CDABD97BC} = {E9A42412-934D-4E9C-B035-FA6CDABD97BC}
		{A5638E14-9D2D-49ED-ACA3-A73833756311} = {A5638E14-9D2D-49ED-ACA3-A73833756311}
		{91C4971E-914C-4AD8-9711-6B53E856884C} = {91C4971E-914C-4AD8-9711-6B53E856884C}
		{D343152C-DE4D-43BA-B40F-DCE169B95416} = {D343152C-DE4D-43BA-B40F-DCE169B95416}
		{51065F4C-23D3-4C5F-AF5B-E70776409D7B} = {51065F4C-23D3-4C5F-AF5B-E70776409D7B}
		{FEBFF54E-5BBA-454C-A4A5-326B8D858990} = {FEBFF54E-5BBA-454C-A4A5-326B8D858990}
		{E4DD914F-DCA3-4CF6-A2C0-6461270D3235} = {E4DD914F-DCA3-4CF6-A2C0-6461270D3235}
		{F3329356-5A5C-42F2-9134-5A29D0E1A7EC} = {F3329356-5A5C-42F2-9134-5A29D0E1A7EC}
		{A7BAFE5D-1301-48F8-878B-9BECB3DDE241} = {A7BAFE5D-1301-48F8-878B-9BECB3DDE241}
		{10D19D73-B9E4-42BB-844A-082A986ED6C5} = {10D19D73-B9E4-42BB-844A-082A986ED6C5}
		{C29AA190-5BE8-4674-AA8A-E858964D3C08} = {C29AA190-5BE8-4674-AA8A-E858964D3C08}
		{6BD9299F-31B8-4AB1-B6CE-62DA33CF19B5} = {6BD9299F-31B8-4AB1-B6CE-62DA33CF19B5}
		{C43743A1-7208-41D0-AA2D-098A15E43559} = {C43743A1-7208-41D0-AA2D-098A15E43559}
		{1544CEA3-1365-4482-A719-FF5C14BBAE29} = {1544CEA3-1365-4482-A719-FF5C14BBAE29}
		{DE06B5A7-57CC-4DD0-B168-1CE6CDC02C17} = {DE06B5A7-57CC-4DD0-B168-1CE6CDC02C17}
		{5D050FBC-7AFA-4D3C-8AE8-D8C138F15596} = {5D050FBC-7AFA-4D3C-8AE8-D8C138F15596}
		{1ED7D7C9-ACA9-4A50-8217-0901E12B1D70} = {1ED7D7C9-ACA9-4A50-8217-0901E12B1D70}
		{2D6BCBCA-CC6C-49FE-A6AA-61AF62529118} = {2D6BCBCA-CC6C-49FE-A6AA-61AF62529118}
		{0C894FD0-D65E-42D5-B343-EC2076E98641} = {0C894FD0-D65E-42D5-B343-EC2076E98641}
		{62E2E1DA-4AFA-4880-A508-1C4F217C93B1} = {62E2E1DA-4AFA-4880-A508-1C4F217C93B1}
		{C47698E9-FAF7-4B58-8D5D-416C10685325} = {C47698E9-FAF7-4B58-8D5D-416C10685325}
	EndProjectSection
EndProject
Project("{2150E333-8FDC-42A3-9474-1A3956D46DE8}") = "nesthd1", "nesthd1", "{ED6C470E-6AD1-4EEC-A3D2-7CEA046CE060}"
EndProject
Project("{6989167D-11E4-40FE-8C1A-2192A86A7E90}") = "nesthd1", "tools_gpl\nesthd1\packages\nesthd1\nesthd1.vfproj", "{E1C16E8B-106C-4F98-B405-7D252766DDA8}"
	ProjectSection(ProjectDependencies) = postProject
		{51065F4C-23D3-4C5F-AF5B-E70776409D7B} = {51065F4C-23D3-4C5F-AF5B-E70776409D7B}
		{C43743A1-7208-41D0-AA2D-098A15E43559} = {C43743A1-7208-41D0-AA2D-098A15E43559}
		{2D6BCBCA-CC6C-49FE-A6AA-61AF62529118} = {2D6BCBCA-CC6C-49FE-A6AA-61AF62529118}
	EndProjectSection
EndProject
Project("{2150E333-8FDC-42A3-9474-1A3956D46DE8}") = "nesthd2", "nesthd2", "{F4CA74CC-D0C3-4D11-8C8F-20653A3C74A1}"
EndProject
Project("{6989167D-11E4-40FE-8C1A-2192A86A7E90}") = "nesthd2", "tools_gpl\nesthd2\packages\nesthd2\nesthd2.vfproj", "{D3D142F6-FAE5-4DBE-B158-190578B8A44B}"
	ProjectSection(ProjectDependencies) = postProject
		{51065F4C-23D3-4C5F-AF5B-E70776409D7B} = {51065F4C-23D3-4C5F-AF5B-E70776409D7B}
		{A7BAFE5D-1301-48F8-878B-9BECB3DDE241} = {A7BAFE5D-1301-48F8-878B-9BECB3DDE241}
		{2D6BCBCA-CC6C-49FE-A6AA-61AF62529118} = {2D6BCBCA-CC6C-49FE-A6AA-61AF62529118}
	EndProjectSection
EndProject
Project("{2150E333-8FDC-42A3-9474-1A3956D46DE8}") = "delftonline", "delftonline", "{B7D456AD-0424-4CE2-ABDF-8D29DCEB8AC8}"
EndProject
Project("{8BC9CEB8-8B4A-11D0-8D11-00A0C91BC942}") = "delftonline", "utils_lgpl\delftonline\src\delftonline\delftonline.vcxproj", "{DE06B5A7-57CC-4DD0-B168-1CE6CDC02C17}"
EndProject
Project("{8BC9CEB8-8B4A-11D0-8D11-00A0C91BC942}") = "system_info", "utils_lgpl\deltares_common\tests\09_system_info\system_info.vcxproj", "{CAC3B74C-75E7-4555-A925-F0983442D744}"
	ProjectSection(ProjectDependencies) = postProject
		{51065F4C-23D3-4C5F-AF5B-E70776409D7B} = {51065F4C-23D3-4C5F-AF5B-E70776409D7B}
	EndProjectSection
EndProject
Project("{2150E333-8FDC-42A3-9474-1A3956D46DE8}") = "utils_gpl", "utils_gpl", "{05071B59-521D-4077-BC84-98F59C17610A}"
EndProject
Project("{2150E333-8FDC-42A3-9474-1A3956D46DE8}") = "morphology", "morphology", "{19E87353-7A19-4CE4-B1C1-C2032B62B799}"
EndProject
Project("{6989167D-11E4-40FE-8C1A-2192A86A7E90}") = "morphology_kernel", "utils_gpl\morphology\packages\morphology_kernel\morphology_kernel.vfproj", "{5F3AF3FA-1CF3-4D3D-A105-8859BE35B757}"
	ProjectSection(ProjectDependencies) = postProject
		{59281EC5-5DAF-44C9-9B26-5A1F8DE3CB44} = {59281EC5-5DAF-44C9-9B26-5A1F8DE3CB44}
		{2D6BCBCA-CC6C-49FE-A6AA-61AF62529118} = {2D6BCBCA-CC6C-49FE-A6AA-61AF62529118}
		{F25A2ED2-7095-4B32-94F0-37E94F900227} = {F25A2ED2-7095-4B32-94F0-37E94F900227}
	EndProjectSection
EndProject
Project("{6989167D-11E4-40FE-8C1A-2192A86A7E90}") = "morphology_io", "utils_gpl\morphology\packages\morphology_io\morphology_io.vfproj", "{18FB4D20-7250-4F05-A237-E0E8D6BA601A}"
	ProjectSection(ProjectDependencies) = postProject
		{2D6BCBCA-CC6C-49FE-A6AA-61AF62529118} = {2D6BCBCA-CC6C-49FE-A6AA-61AF62529118}
		{F25A2ED2-7095-4B32-94F0-37E94F900227} = {F25A2ED2-7095-4B32-94F0-37E94F900227}
		{62E2E1DA-4AFA-4880-A508-1C4F217C93B1} = {62E2E1DA-4AFA-4880-A508-1C4F217C93B1}
		{5F3AF3FA-1CF3-4D3D-A105-8859BE35B757} = {5F3AF3FA-1CF3-4D3D-A105-8859BE35B757}
	EndProjectSection
EndProject
Project("{8BC9CEB8-8B4A-11D0-8D11-00A0C91BC942}") = "morphology_plugins_c", "utils_gpl\morphology\packages\morphology_plugins_c\morphology_plugins_c.vcxproj", "{59281EC5-5DAF-44C9-9B26-5A1F8DE3CB44}"
EndProject
Project("{8BC9CEB8-8B4A-11D0-8D11-00A0C91BC942}") = "plugin_culvert_c", "engines_gpl\flow2d3d\packages\flow2d3d_plugin_culvert_c\plugin_culvert_c.vcxproj", "{0C894FD0-D65E-42D5-B343-EC2076E98641}"
EndProject
Project("{6989167D-11E4-40FE-8C1A-2192A86A7E90}") = "deltares_common_mpi", "utils_lgpl\deltares_common\packages\deltares_common_mpi\deltares_common_mpi.vfproj", "{B57FD1B0-684A-4A26-946D-2B54D0EB3994}"
	ProjectSection(ProjectDependencies) = postProject
		{2D6BCBCA-CC6C-49FE-A6AA-61AF62529118} = {2D6BCBCA-CC6C-49FE-A6AA-61AF62529118}
	EndProjectSection
EndProject
Project("{6989167D-11E4-40FE-8C1A-2192A86A7E90}") = "morphology_data", "utils_gpl\morphology\packages\morphology_data\morphology_data.vfproj", "{F25A2ED2-7095-4B32-94F0-37E94F900227}"
	ProjectSection(ProjectDependencies) = postProject
		{2D6BCBCA-CC6C-49FE-A6AA-61AF62529118} = {2D6BCBCA-CC6C-49FE-A6AA-61AF62529118}
	EndProjectSection
EndProject
Project("{2150E333-8FDC-42A3-9474-1A3956D46DE8}") = "third_party_open", "third_party_open", "{B1080170-9D83-4E24-BBC7-F3490C5E8B0C}"
EndProject
Project("{2150E333-8FDC-42A3-9474-1A3956D46DE8}") = "netcdf", "netcdf", "{E3620DA6-EA25-4655-8A8C-B26176BC5175}"
EndProject
Project("{2150E333-8FDC-42A3-9474-1A3956D46DE8}") = "io_netcdf", "io_netcdf", "{D7D19E8E-CECE-42A5-8B0D-16DB489BD0EA}"
EndProject
Project("{6989167D-11E4-40FE-8C1A-2192A86A7E90}") = "io_netcdf", "utils_lgpl\io_netcdf\packages\io_netcdf\io_netcdf.vfproj", "{3D34F0B9-2711-4C1B-B59E-5AF94894264B}"
	ProjectSection(ProjectDependencies) = postProject
		{C29AA190-5BE8-4674-AA8A-E858964D3C08} = {C29AA190-5BE8-4674-AA8A-E858964D3C08}
		{B8F4B0C9-1EE7-4719-B927-5126F82E9713} = {B8F4B0C9-1EE7-4719-B927-5126F82E9713}
		{2D6BCBCA-CC6C-49FE-A6AA-61AF62529118} = {2D6BCBCA-CC6C-49FE-A6AA-61AF62529118}
	EndProjectSection
EndProject
Project("{2150E333-8FDC-42A3-9474-1A3956D46DE8}") = "io_hyd", "io_hyd", "{5EB7BBB6-2C9C-406D-A477-751D296902DE}"
EndProject
Project("{6989167D-11E4-40FE-8C1A-2192A86A7E90}") = "io_hyd", "utils_lgpl\io_hyd\packages\io_hyd\io_hyd.vfproj", "{F3329356-5A5C-42F2-9134-5A29D0E1A7EC}"
	ProjectSection(ProjectDependencies) = postProject
		{C29AA190-5BE8-4674-AA8A-E858964D3C08} = {C29AA190-5BE8-4674-AA8A-E858964D3C08}
		{1544CEA3-1365-4482-A719-FF5C14BBAE29} = {1544CEA3-1365-4482-A719-FF5C14BBAE29}
		{3D34F0B9-2711-4C1B-B59E-5AF94894264B} = {3D34F0B9-2711-4C1B-B59E-5AF94894264B}
		{2D6BCBCA-CC6C-49FE-A6AA-61AF62529118} = {2D6BCBCA-CC6C-49FE-A6AA-61AF62529118}
	EndProjectSection
EndProject
Project("{2150E333-8FDC-42A3-9474-1A3956D46DE8}") = "triangle", "triangle", "{366B2345-00EC-49BD-AC12-9BF652A2ECA9}"
EndProject
Project("{8BC9CEB8-8B4A-11D0-8D11-00A0C91BC942}") = "triangle_c", "third_party_open\triangle\triangle_c.vcxproj", "{A5638E14-9D2D-49ED-ACA3-A73833756311}"
EndProject
Project("{2150E333-8FDC-42A3-9474-1A3956D46DE8}") = "kdtree", "kdtree", "{C7778AEB-A70B-4A77-96CF-09A8E5185BEF}"
EndProject
Project("{6989167D-11E4-40FE-8C1A-2192A86A7E90}") = "kdtree2", "third_party_open\kdtree2\src-f90\kdtree2.vfproj", "{1ED7D7C9-ACA9-4A50-8217-0901E12B1D70}"
EndProject
Project("{2150E333-8FDC-42A3-9474-1A3956D46DE8}") = "kdtree_wrapper", "kdtree_wrapper", "{6BE0AEB3-6AF7-4D3C-9E97-151D71B6A22B}"
EndProject
Project("{6989167D-11E4-40FE-8C1A-2192A86A7E90}") = "kdtree_wrapper", "utils_lgpl\kdtree_wrapper\packages\kdtree_wrapper\kdtree_wrapper.vfproj", "{D343152C-DE4D-43BA-B40F-DCE169B95416}"
	ProjectSection(ProjectDependencies) = postProject
		{1ED7D7C9-ACA9-4A50-8217-0901E12B1D70} = {1ED7D7C9-ACA9-4A50-8217-0901E12B1D70}
		{2D6BCBCA-CC6C-49FE-A6AA-61AF62529118} = {2D6BCBCA-CC6C-49FE-A6AA-61AF62529118}
	EndProjectSection
EndProject
Project("{8BC9CEB8-8B4A-11D0-8D11-00A0C91BC942}") = "netcdf4", "third_party_open\netcdf\netcdf4.vcxproj", "{1544CEA3-1365-4482-A719-FF5C14BBAE29}"
EndProject
Project("{6989167D-11E4-40FE-8C1A-2192A86A7E90}") = "netcdff", "third_party_open\netcdf\netcdff.vfproj", "{C29AA190-5BE8-4674-AA8A-E858964D3C08}"
EndProject
Project("{2150E333-8FDC-42A3-9474-1A3956D46DE8}") = "gridgeom", "gridgeom", "{1E2D64D6-9229-4E0C-B1F5-6856E3E12403}"
EndProject
Project("{6989167D-11E4-40FE-8C1A-2192A86A7E90}") = "gridgeom", "utils_lgpl\gridgeom\packages\gridgeom\gridgeom.vfproj", "{7CD53A26-F17A-4FD8-A8D6-B5D768396523}"
	ProjectSection(ProjectDependencies) = postProject
		{A5638E14-9D2D-49ED-ACA3-A73833756311} = {A5638E14-9D2D-49ED-ACA3-A73833756311}
		{D343152C-DE4D-43BA-B40F-DCE169B95416} = {D343152C-DE4D-43BA-B40F-DCE169B95416}
		{3D34F0B9-2711-4C1B-B59E-5AF94894264B} = {3D34F0B9-2711-4C1B-B59E-5AF94894264B}
		{1ED7D7C9-ACA9-4A50-8217-0901E12B1D70} = {1ED7D7C9-ACA9-4A50-8217-0901E12B1D70}
		{2D6BCBCA-CC6C-49FE-A6AA-61AF62529118} = {2D6BCBCA-CC6C-49FE-A6AA-61AF62529118}
	EndProjectSection
EndProject
Project("{6989167D-11E4-40FE-8C1A-2192A86A7E90}") = "gridgeom_dll", "utils_lgpl\gridgeom\packages\gridgeom\gridgeom_dll.vfproj", "{2629BDAB-2ABD-43BE-A9B1-7165813E19AB}"
	ProjectSection(ProjectDependencies) = postProject
		{A5638E14-9D2D-49ED-ACA3-A73833756311} = {A5638E14-9D2D-49ED-ACA3-A73833756311}
		{7CD53A26-F17A-4FD8-A8D6-B5D768396523} = {7CD53A26-F17A-4FD8-A8D6-B5D768396523}
		{D343152C-DE4D-43BA-B40F-DCE169B95416} = {D343152C-DE4D-43BA-B40F-DCE169B95416}
		{3D34F0B9-2711-4C1B-B59E-5AF94894264B} = {3D34F0B9-2711-4C1B-B59E-5AF94894264B}
		{1ED7D7C9-ACA9-4A50-8217-0901E12B1D70} = {1ED7D7C9-ACA9-4A50-8217-0901E12B1D70}
		{2D6BCBCA-CC6C-49FE-A6AA-61AF62529118} = {2D6BCBCA-CC6C-49FE-A6AA-61AF62529118}
		{62E2E1DA-4AFA-4880-A508-1C4F217C93B1} = {62E2E1DA-4AFA-4880-A508-1C4F217C93B1}
	EndProjectSection
EndProject
Project("{2150E333-8FDC-42A3-9474-1A3956D46DE8}") = "fortrangis", "fortrangis", "{684820BB-709E-4CED-B520-259C8C1F2902}"
EndProject
Project("{6989167D-11E4-40FE-8C1A-2192A86A7E90}") = "libfortranc", "third_party_open\fortrangis\libfortranc\libfortranc.vfproj", "{9249B679-366D-4838-ADCE-A9A8E6EAEAB4}"
	ProjectSection(ProjectDependencies) = postProject
		{B38AA81E-A244-3E86-BCBB-7B7E187DB218} = {B38AA81E-A244-3E86-BCBB-7B7E187DB218}
	EndProjectSection
EndProject
Project("{6989167D-11E4-40FE-8C1A-2192A86A7E90}") = "libfortrangis", "third_party_open\fortrangis\libfortrangis\libfortrangis.vfproj", "{B8F4B0C9-1EE7-4719-B927-5126F82E9713}"
	ProjectSection(ProjectDependencies) = postProject
		{9249B679-366D-4838-ADCE-A9A8E6EAEAB4} = {9249B679-366D-4838-ADCE-A9A8E6EAEAB4}
		{9867C9D6-9122-494E-8D05-FEEB0E94CF75} = {9867C9D6-9122-494E-8D05-FEEB0E94CF75}
	EndProjectSection
EndProject
Project("{8BC9CEB8-8B4A-11D0-8D11-00A0C91BC942}") = "proj", "third_party_open\proj4\src\proj.vcxproj", "{B38AA81E-A244-3E86-BCBB-7B7E187DB218}"
EndProject
Project("{8BC9CEB8-8B4A-11D0-8D11-00A0C91BC942}") = "shp", "third_party_open\shapelib\src\shp.vcxproj", "{9867C9D6-9122-494E-8D05-FEEB0E94CF75}"
EndProject
Project("{6989167D-11E4-40FE-8C1A-2192A86A7E90}") = "shapelib_test", "third_party_open\shapelib\test\shapelib_test.vfproj", "{EAF6A200-687E-4965-A739-85F6A3E6416F}"
	ProjectSection(ProjectDependencies) = postProject
		{9249B679-366D-4838-ADCE-A9A8E6EAEAB4} = {9249B679-366D-4838-ADCE-A9A8E6EAEAB4}
		{B8F4B0C9-1EE7-4719-B927-5126F82E9713} = {B8F4B0C9-1EE7-4719-B927-5126F82E9713}
		{9867C9D6-9122-494E-8D05-FEEB0E94CF75} = {9867C9D6-9122-494E-8D05-FEEB0E94CF75}
	EndProjectSection
EndProject
Global
	GlobalSection(SolutionConfigurationPlatforms) = preSolution
		Debug|x64 = Debug|x64
		Release|x64 = Release|x64
	EndGlobalSection
	GlobalSection(ProjectConfigurationPlatforms) = postSolution
		{5D050FBC-7AFA-4D3C-8AE8-D8C138F15596}.Debug|x64.ActiveCfg = Debug|x64
		{5D050FBC-7AFA-4D3C-8AE8-D8C138F15596}.Debug|x64.Build.0 = Debug|x64
		{5D050FBC-7AFA-4D3C-8AE8-D8C138F15596}.Release|x64.ActiveCfg = Release|x64
		{5D050FBC-7AFA-4D3C-8AE8-D8C138F15596}.Release|x64.Build.0 = Release|x64
		{03B0B2AB-125F-49E6-9C53-ED7E5FC7718D}.Debug|x64.ActiveCfg = Debug|x64
		{03B0B2AB-125F-49E6-9C53-ED7E5FC7718D}.Debug|x64.Build.0 = Debug|x64
		{03B0B2AB-125F-49E6-9C53-ED7E5FC7718D}.Release|x64.ActiveCfg = Release|x64
		{03B0B2AB-125F-49E6-9C53-ED7E5FC7718D}.Release|x64.Build.0 = Release|x64
		{0ACAC0F8-A142-4811-83AA-598E80A38FBB}.Debug|x64.ActiveCfg = Debug|x64
		{0ACAC0F8-A142-4811-83AA-598E80A38FBB}.Release|x64.ActiveCfg = Release|x64
		{0ACAC0F8-A142-4811-83AA-598E80A38FBB}.Release|x64.Build.0 = Release|x64
		{64F27FE8-975F-4F36-8C39-0BE14AB6C89E}.Debug|x64.ActiveCfg = Debug|x64
		{64F27FE8-975F-4F36-8C39-0BE14AB6C89E}.Debug|x64.Build.0 = Debug|x64
		{64F27FE8-975F-4F36-8C39-0BE14AB6C89E}.Release|x64.ActiveCfg = Release|x64
		{64F27FE8-975F-4F36-8C39-0BE14AB6C89E}.Release|x64.Build.0 = Release|x64
		{A7BAFE5D-1301-48F8-878B-9BECB3DDE241}.Debug|x64.ActiveCfg = Debug|x64
		{A7BAFE5D-1301-48F8-878B-9BECB3DDE241}.Debug|x64.Build.0 = Debug|x64
		{A7BAFE5D-1301-48F8-878B-9BECB3DDE241}.Release|x64.ActiveCfg = Release|x64
		{A7BAFE5D-1301-48F8-878B-9BECB3DDE241}.Release|x64.Build.0 = Release|x64
		{8ADDAA1C-ABB3-4E0F-AB8C-A905C6CC9EDF}.Debug|x64.ActiveCfg = Debug|x64
		{8ADDAA1C-ABB3-4E0F-AB8C-A905C6CC9EDF}.Release|x64.ActiveCfg = Release|x64
		{8ADDAA1C-ABB3-4E0F-AB8C-A905C6CC9EDF}.Release|x64.Build.0 = Release|x64
		{BC28FF1D-CC36-4812-B9AB-D3E8EF785FB2}.Debug|x64.ActiveCfg = Debug|x64
		{BC28FF1D-CC36-4812-B9AB-D3E8EF785FB2}.Release|x64.ActiveCfg = Release|x64
		{BC28FF1D-CC36-4812-B9AB-D3E8EF785FB2}.Release|x64.Build.0 = Release|x64
		{685C7F3B-DD9A-4A64-AC7C-51A12391AA5E}.Debug|x64.ActiveCfg = Debug|x64
		{685C7F3B-DD9A-4A64-AC7C-51A12391AA5E}.Release|x64.ActiveCfg = Release|x64
		{685C7F3B-DD9A-4A64-AC7C-51A12391AA5E}.Release|x64.Build.0 = Release|x64
		{91C4971E-914C-4AD8-9711-6B53E856884C}.Debug|x64.ActiveCfg = Debug|x64
		{91C4971E-914C-4AD8-9711-6B53E856884C}.Debug|x64.Build.0 = Debug|x64
		{91C4971E-914C-4AD8-9711-6B53E856884C}.Release|x64.ActiveCfg = Release|x64
		{91C4971E-914C-4AD8-9711-6B53E856884C}.Release|x64.Build.0 = Release|x64
		{A056DC84-1808-49C6-BFAA-41EBE324A1FC}.Debug|x64.ActiveCfg = Debug|x64
		{A056DC84-1808-49C6-BFAA-41EBE324A1FC}.Debug|x64.Build.0 = Debug|x64
		{A056DC84-1808-49C6-BFAA-41EBE324A1FC}.Release|x64.ActiveCfg = Release|x64
		{A056DC84-1808-49C6-BFAA-41EBE324A1FC}.Release|x64.Build.0 = Release|x64
		{C43743A1-7208-41D0-AA2D-098A15E43559}.Debug|x64.ActiveCfg = Debug|x64
		{C43743A1-7208-41D0-AA2D-098A15E43559}.Debug|x64.Build.0 = Debug|x64
		{C43743A1-7208-41D0-AA2D-098A15E43559}.Release|x64.ActiveCfg = Release|x64
		{C43743A1-7208-41D0-AA2D-098A15E43559}.Release|x64.Build.0 = Release|x64
		{0FB6AEED-A49C-4FD2-9F17-2B0C1ED28BE3}.Debug|x64.ActiveCfg = Debug|x64
		{0FB6AEED-A49C-4FD2-9F17-2B0C1ED28BE3}.Debug|x64.Build.0 = Debug|x64
		{0FB6AEED-A49C-4FD2-9F17-2B0C1ED28BE3}.Release|x64.ActiveCfg = Release|x64
		{0FB6AEED-A49C-4FD2-9F17-2B0C1ED28BE3}.Release|x64.Build.0 = Release|x64
		{9FB4A6D1-4EC2-4341-AA6D-878AE2BF65BC}.Debug|x64.ActiveCfg = Debug|x64
		{9FB4A6D1-4EC2-4341-AA6D-878AE2BF65BC}.Debug|x64.Build.0 = Debug|x64
		{9FB4A6D1-4EC2-4341-AA6D-878AE2BF65BC}.Release|x64.ActiveCfg = Release|x64
		{9FB4A6D1-4EC2-4341-AA6D-878AE2BF65BC}.Release|x64.Build.0 = Release|x64
		{2D6BCBCA-CC6C-49FE-A6AA-61AF62529118}.Debug|x64.ActiveCfg = Debug|x64
		{2D6BCBCA-CC6C-49FE-A6AA-61AF62529118}.Debug|x64.Build.0 = Debug|x64
		{2D6BCBCA-CC6C-49FE-A6AA-61AF62529118}.Release|x64.ActiveCfg = Release|x64
		{2D6BCBCA-CC6C-49FE-A6AA-61AF62529118}.Release|x64.Build.0 = Release|x64
		{51065F4C-23D3-4C5F-AF5B-E70776409D7B}.Debug|x64.ActiveCfg = Debug|x64
		{51065F4C-23D3-4C5F-AF5B-E70776409D7B}.Debug|x64.Build.0 = Debug|x64
		{51065F4C-23D3-4C5F-AF5B-E70776409D7B}.Release|x64.ActiveCfg = Release|x64
		{51065F4C-23D3-4C5F-AF5B-E70776409D7B}.Release|x64.Build.0 = Release|x64
		{73054CB6-9CC1-45D0-91A9-EDF50CF361A4}.Debug|x64.ActiveCfg = Debug|x64
		{73054CB6-9CC1-45D0-91A9-EDF50CF361A4}.Debug|x64.Build.0 = Debug|x64
		{73054CB6-9CC1-45D0-91A9-EDF50CF361A4}.Release|x64.ActiveCfg = Release|x64
		{73054CB6-9CC1-45D0-91A9-EDF50CF361A4}.Release|x64.Build.0 = Release|x64
		{828C8956-8E10-40E6-95E1-25F29A74B701}.Debug|x64.ActiveCfg = Debug|x64
		{828C8956-8E10-40E6-95E1-25F29A74B701}.Release|x64.ActiveCfg = Release|x64
		{828C8956-8E10-40E6-95E1-25F29A74B701}.Release|x64.Build.0 = Release|x64
		{83B2DCB2-3F71-41A7-B235-C4E32045C730}.Debug|x64.ActiveCfg = Debug|x64
		{83B2DCB2-3F71-41A7-B235-C4E32045C730}.Release|x64.ActiveCfg = Release|x64
		{83B2DCB2-3F71-41A7-B235-C4E32045C730}.Release|x64.Build.0 = Release|x64
		{E4DD914F-DCA3-4CF6-A2C0-6461270D3235}.Debug|x64.ActiveCfg = Debug|x64
		{E4DD914F-DCA3-4CF6-A2C0-6461270D3235}.Debug|x64.Build.0 = Debug|x64
		{E4DD914F-DCA3-4CF6-A2C0-6461270D3235}.Release|x64.ActiveCfg = Release|x64
		{E4DD914F-DCA3-4CF6-A2C0-6461270D3235}.Release|x64.Build.0 = Release|x64
		{10D19D73-B9E4-42BB-844A-082A986ED6C5}.Debug|x64.ActiveCfg = Debug|x64
		{10D19D73-B9E4-42BB-844A-082A986ED6C5}.Debug|x64.Build.0 = Debug|x64
		{10D19D73-B9E4-42BB-844A-082A986ED6C5}.Release|x64.ActiveCfg = Release|x64
		{10D19D73-B9E4-42BB-844A-082A986ED6C5}.Release|x64.Build.0 = Release|x64
		{AAE44000-23CC-4039-B135-3E04708C6CE2}.Debug|x64.ActiveCfg = Debug|x64
		{AAE44000-23CC-4039-B135-3E04708C6CE2}.Debug|x64.Build.0 = Debug|x64
		{AAE44000-23CC-4039-B135-3E04708C6CE2}.Release|x64.ActiveCfg = Release|x64
		{AAE44000-23CC-4039-B135-3E04708C6CE2}.Release|x64.Build.0 = Release|x64
		{6BD9299F-31B8-4AB1-B6CE-62DA33CF19B5}.Debug|x64.ActiveCfg = Debug|x64
		{6BD9299F-31B8-4AB1-B6CE-62DA33CF19B5}.Debug|x64.Build.0 = Debug|x64
		{6BD9299F-31B8-4AB1-B6CE-62DA33CF19B5}.Release|x64.ActiveCfg = Release|x64
		{6BD9299F-31B8-4AB1-B6CE-62DA33CF19B5}.Release|x64.Build.0 = Release|x64
		{FEBFF54E-5BBA-454C-A4A5-326B8D858990}.Debug|x64.ActiveCfg = Debug|x64
		{FEBFF54E-5BBA-454C-A4A5-326B8D858990}.Debug|x64.Build.0 = Debug|x64
		{FEBFF54E-5BBA-454C-A4A5-326B8D858990}.Release|x64.ActiveCfg = Release|x64
		{FEBFF54E-5BBA-454C-A4A5-326B8D858990}.Release|x64.Build.0 = Release|x64
		{F9102D02-48CF-4954-B1C2-ED815BAA11A6}.Debug|x64.ActiveCfg = Debug|x64
		{F9102D02-48CF-4954-B1C2-ED815BAA11A6}.Debug|x64.Build.0 = Debug|x64
		{F9102D02-48CF-4954-B1C2-ED815BAA11A6}.Release|x64.ActiveCfg = Release|x64
		{F9102D02-48CF-4954-B1C2-ED815BAA11A6}.Release|x64.Build.0 = Release|x64
		{E9A42412-934D-4E9C-B035-FA6CDABD97BC}.Debug|x64.ActiveCfg = Debug|x64
		{E9A42412-934D-4E9C-B035-FA6CDABD97BC}.Debug|x64.Build.0 = Debug|x64
		{E9A42412-934D-4E9C-B035-FA6CDABD97BC}.Release|x64.ActiveCfg = Release|x64
		{E9A42412-934D-4E9C-B035-FA6CDABD97BC}.Release|x64.Build.0 = Release|x64
		{F0E67372-E42B-4FEB-9B61-82BE85DDCBFF}.Debug|x64.ActiveCfg = Debug|x64
		{F0E67372-E42B-4FEB-9B61-82BE85DDCBFF}.Release|x64.ActiveCfg = Release|x64
		{4FE52682-46E0-4703-82FA-CCA07DC3F611}.Debug|x64.ActiveCfg = Debug|x64
		{4FE52682-46E0-4703-82FA-CCA07DC3F611}.Release|x64.ActiveCfg = Release|x64
		{5849A2F3-6526-4967-97CF-30CA683A16CC}.Debug|x64.ActiveCfg = Debug|x64
		{5849A2F3-6526-4967-97CF-30CA683A16CC}.Debug|x64.Build.0 = Debug|x64
		{5849A2F3-6526-4967-97CF-30CA683A16CC}.Release|x64.ActiveCfg = Release|x64
		{5849A2F3-6526-4967-97CF-30CA683A16CC}.Release|x64.Build.0 = Release|x64
		{62E2E1DA-4AFA-4880-A508-1C4F217C93B1}.Debug|x64.ActiveCfg = Debug|x64
		{62E2E1DA-4AFA-4880-A508-1C4F217C93B1}.Debug|x64.Build.0 = Debug|x64
		{62E2E1DA-4AFA-4880-A508-1C4F217C93B1}.Release|x64.ActiveCfg = Release|x64
		{62E2E1DA-4AFA-4880-A508-1C4F217C93B1}.Release|x64.Build.0 = Release|x64
		{BB021F24-40FB-47B8-AA35-874726D642B9}.Debug|x64.ActiveCfg = Debug|x64
		{BB021F24-40FB-47B8-AA35-874726D642B9}.Debug|x64.Build.0 = Debug|x64
		{BB021F24-40FB-47B8-AA35-874726D642B9}.Release|x64.ActiveCfg = Release|x64
		{BB021F24-40FB-47B8-AA35-874726D642B9}.Release|x64.Build.0 = Release|x64
		{B986E78F-2CEE-49F4-8F50-52D4961E0A28}.Debug|x64.ActiveCfg = Debug|x64
		{B986E78F-2CEE-49F4-8F50-52D4961E0A28}.Debug|x64.Build.0 = Debug|x64
		{B986E78F-2CEE-49F4-8F50-52D4961E0A28}.Release|x64.ActiveCfg = Release|x64
		{B986E78F-2CEE-49F4-8F50-52D4961E0A28}.Release|x64.Build.0 = Release|x64
		{10382558-3C7B-4BED-BEE8-C89EDCAE740B}.Debug|x64.ActiveCfg = Debug|x64
		{10382558-3C7B-4BED-BEE8-C89EDCAE740B}.Debug|x64.Build.0 = Debug|x64
		{10382558-3C7B-4BED-BEE8-C89EDCAE740B}.Release|x64.ActiveCfg = Release|x64
		{10382558-3C7B-4BED-BEE8-C89EDCAE740B}.Release|x64.Build.0 = Release|x64
		{1AD4A51A-0A37-464E-BEC2-9D840FC0139F}.Debug|x64.ActiveCfg = Debug|x64
		{1AD4A51A-0A37-464E-BEC2-9D840FC0139F}.Debug|x64.Build.0 = Debug|x64
		{1AD4A51A-0A37-464E-BEC2-9D840FC0139F}.Release|x64.ActiveCfg = Release|x64
		{1AD4A51A-0A37-464E-BEC2-9D840FC0139F}.Release|x64.Build.0 = Release|x64
		{C47698E9-FAF7-4B58-8D5D-416C10685325}.Debug|x64.ActiveCfg = Debug|x64
		{C47698E9-FAF7-4B58-8D5D-416C10685325}.Debug|x64.Build.0 = Debug|x64
		{C47698E9-FAF7-4B58-8D5D-416C10685325}.Release|x64.ActiveCfg = Release|x64
		{C47698E9-FAF7-4B58-8D5D-416C10685325}.Release|x64.Build.0 = Release|x64
		{005E6B5B-C1D0-4DB2-9870-2098A33C40D0}.Debug|x64.ActiveCfg = Debug|x64
		{005E6B5B-C1D0-4DB2-9870-2098A33C40D0}.Debug|x64.Build.0 = Debug|x64
		{005E6B5B-C1D0-4DB2-9870-2098A33C40D0}.Release|x64.ActiveCfg = Release|x64
		{005E6B5B-C1D0-4DB2-9870-2098A33C40D0}.Release|x64.Build.0 = Release|x64
		{E1C16E8B-106C-4F98-B405-7D252766DDA8}.Debug|x64.ActiveCfg = Debug|x64
		{E1C16E8B-106C-4F98-B405-7D252766DDA8}.Debug|x64.Build.0 = Debug|x64
		{E1C16E8B-106C-4F98-B405-7D252766DDA8}.Release|x64.ActiveCfg = Release|x64
		{E1C16E8B-106C-4F98-B405-7D252766DDA8}.Release|x64.Build.0 = Release|x64
		{D3D142F6-FAE5-4DBE-B158-190578B8A44B}.Debug|x64.ActiveCfg = Debug|x64
		{D3D142F6-FAE5-4DBE-B158-190578B8A44B}.Debug|x64.Build.0 = Debug|x64
		{D3D142F6-FAE5-4DBE-B158-190578B8A44B}.Release|x64.ActiveCfg = Release|x64
		{D3D142F6-FAE5-4DBE-B158-190578B8A44B}.Release|x64.Build.0 = Release|x64
		{DE06B5A7-57CC-4DD0-B168-1CE6CDC02C17}.Debug|x64.ActiveCfg = Debug|x64
		{DE06B5A7-57CC-4DD0-B168-1CE6CDC02C17}.Debug|x64.Build.0 = Debug|x64
		{DE06B5A7-57CC-4DD0-B168-1CE6CDC02C17}.Release|x64.ActiveCfg = Release|x64
		{DE06B5A7-57CC-4DD0-B168-1CE6CDC02C17}.Release|x64.Build.0 = Release|x64
		{CAC3B74C-75E7-4555-A925-F0983442D744}.Debug|x64.ActiveCfg = Debug|x64
		{CAC3B74C-75E7-4555-A925-F0983442D744}.Release|x64.ActiveCfg = Release|x64
		{5F3AF3FA-1CF3-4D3D-A105-8859BE35B757}.Debug|x64.ActiveCfg = Debug|x64
		{5F3AF3FA-1CF3-4D3D-A105-8859BE35B757}.Debug|x64.Build.0 = Debug|x64
		{5F3AF3FA-1CF3-4D3D-A105-8859BE35B757}.Release|x64.ActiveCfg = Release|x64
		{5F3AF3FA-1CF3-4D3D-A105-8859BE35B757}.Release|x64.Build.0 = Release|x64
		{18FB4D20-7250-4F05-A237-E0E8D6BA601A}.Debug|x64.ActiveCfg = Debug|x64
		{18FB4D20-7250-4F05-A237-E0E8D6BA601A}.Debug|x64.Build.0 = Debug|x64
		{18FB4D20-7250-4F05-A237-E0E8D6BA601A}.Release|x64.ActiveCfg = Release|x64
		{18FB4D20-7250-4F05-A237-E0E8D6BA601A}.Release|x64.Build.0 = Release|x64
		{59281EC5-5DAF-44C9-9B26-5A1F8DE3CB44}.Debug|x64.ActiveCfg = Debug|x64
		{59281EC5-5DAF-44C9-9B26-5A1F8DE3CB44}.Debug|x64.Build.0 = Debug|x64
		{59281EC5-5DAF-44C9-9B26-5A1F8DE3CB44}.Release|x64.ActiveCfg = Release|x64
		{59281EC5-5DAF-44C9-9B26-5A1F8DE3CB44}.Release|x64.Build.0 = Release|x64
		{0C894FD0-D65E-42D5-B343-EC2076E98641}.Debug|x64.ActiveCfg = Debug|x64
		{0C894FD0-D65E-42D5-B343-EC2076E98641}.Debug|x64.Build.0 = Debug|x64
		{0C894FD0-D65E-42D5-B343-EC2076E98641}.Release|x64.ActiveCfg = Release|x64
		{0C894FD0-D65E-42D5-B343-EC2076E98641}.Release|x64.Build.0 = Release|x64
		{CB19EFB9-3C0B-48DB-B1AD-7184610ECDFA}.Debug|x64.ActiveCfg = Debug|x64
		{CB19EFB9-3C0B-48DB-B1AD-7184610ECDFA}.Debug|x64.Build.0 = Debug|x64
		{CB19EFB9-3C0B-48DB-B1AD-7184610ECDFA}.Release|x64.ActiveCfg = Release|x64
		{CB19EFB9-3C0B-48DB-B1AD-7184610ECDFA}.Release|x64.Build.0 = Release|x64
		{B57FD1B0-684A-4A26-946D-2B54D0EB3994}.Debug|x64.ActiveCfg = Debug|x64
		{B57FD1B0-684A-4A26-946D-2B54D0EB3994}.Debug|x64.Build.0 = Debug|x64
		{B57FD1B0-684A-4A26-946D-2B54D0EB3994}.Release|x64.ActiveCfg = Release|x64
		{B57FD1B0-684A-4A26-946D-2B54D0EB3994}.Release|x64.Build.0 = Release|x64
		{F25A2ED2-7095-4B32-94F0-37E94F900227}.Debug|x64.ActiveCfg = Debug|x64
		{F25A2ED2-7095-4B32-94F0-37E94F900227}.Debug|x64.Build.0 = Debug|x64
		{F25A2ED2-7095-4B32-94F0-37E94F900227}.Release|x64.ActiveCfg = Release|x64
		{F25A2ED2-7095-4B32-94F0-37E94F900227}.Release|x64.Build.0 = Release|x64
		{3D34F0B9-2711-4C1B-B59E-5AF94894264B}.Debug|x64.ActiveCfg = Debug|x64
		{3D34F0B9-2711-4C1B-B59E-5AF94894264B}.Debug|x64.Build.0 = Debug|x64
		{3D34F0B9-2711-4C1B-B59E-5AF94894264B}.Release|x64.ActiveCfg = Release|x64
		{3D34F0B9-2711-4C1B-B59E-5AF94894264B}.Release|x64.Build.0 = Release|x64
		{F3329356-5A5C-42F2-9134-5A29D0E1A7EC}.Debug|x64.ActiveCfg = Debug|x64
		{F3329356-5A5C-42F2-9134-5A29D0E1A7EC}.Debug|x64.Build.0 = Debug|x64
		{F3329356-5A5C-42F2-9134-5A29D0E1A7EC}.Release|x64.ActiveCfg = Release|x64
		{F3329356-5A5C-42F2-9134-5A29D0E1A7EC}.Release|x64.Build.0 = Release|x64
		{A5638E14-9D2D-49ED-ACA3-A73833756311}.Debug|x64.ActiveCfg = Debug|x64
		{A5638E14-9D2D-49ED-ACA3-A73833756311}.Debug|x64.Build.0 = Debug|x64
		{A5638E14-9D2D-49ED-ACA3-A73833756311}.Release|x64.ActiveCfg = Release|x64
		{A5638E14-9D2D-49ED-ACA3-A73833756311}.Release|x64.Build.0 = Release|x64
		{1ED7D7C9-ACA9-4A50-8217-0901E12B1D70}.Debug|x64.ActiveCfg = Debug|x64
		{1ED7D7C9-ACA9-4A50-8217-0901E12B1D70}.Debug|x64.Build.0 = Debug|x64
		{1ED7D7C9-ACA9-4A50-8217-0901E12B1D70}.Release|x64.ActiveCfg = Release|x64
		{1ED7D7C9-ACA9-4A50-8217-0901E12B1D70}.Release|x64.Build.0 = Release|x64
		{D343152C-DE4D-43BA-B40F-DCE169B95416}.Debug|x64.ActiveCfg = Debug|x64
		{D343152C-DE4D-43BA-B40F-DCE169B95416}.Debug|x64.Build.0 = Debug|x64
		{D343152C-DE4D-43BA-B40F-DCE169B95416}.Release|x64.ActiveCfg = Release|x64
		{D343152C-DE4D-43BA-B40F-DCE169B95416}.Release|x64.Build.0 = Release|x64
		{D442E946-22B3-4006-AFE2-8F4E8B33E38F}.Debug|x64.ActiveCfg = Debug|x64
		{D442E946-22B3-4006-AFE2-8F4E8B33E38F}.Release|x64.ActiveCfg = Release|x64
		{AAB706B3-4AD2-4F2F-A01F-53297CD70F9A}.Debug|x64.ActiveCfg = Debug|x64
		{AAB706B3-4AD2-4F2F-A01F-53297CD70F9A}.Release|x64.ActiveCfg = Release|x64
		{019C8879-818C-4D6B-9E3B-19AB3E1A91FF}.Debug|x64.ActiveCfg = Debug|x64
		{019C8879-818C-4D6B-9E3B-19AB3E1A91FF}.Release|x64.ActiveCfg = Release|x64
		{1544CEA3-1365-4482-A719-FF5C14BBAE29}.Debug|x64.ActiveCfg = Debug|x64
		{1544CEA3-1365-4482-A719-FF5C14BBAE29}.Debug|x64.Build.0 = Debug|x64
		{1544CEA3-1365-4482-A719-FF5C14BBAE29}.Release|x64.ActiveCfg = Release|x64
		{1544CEA3-1365-4482-A719-FF5C14BBAE29}.Release|x64.Build.0 = Release|x64
		{C29AA190-5BE8-4674-AA8A-E858964D3C08}.Debug|x64.ActiveCfg = Debug|x64
		{C29AA190-5BE8-4674-AA8A-E858964D3C08}.Debug|x64.Build.0 = Debug|x64
		{C29AA190-5BE8-4674-AA8A-E858964D3C08}.Release|x64.ActiveCfg = Release|x64
		{C29AA190-5BE8-4674-AA8A-E858964D3C08}.Release|x64.Build.0 = Release|x64
		{7CD53A26-F17A-4FD8-A8D6-B5D768396523}.Debug|x64.ActiveCfg = Debug|x64
		{7CD53A26-F17A-4FD8-A8D6-B5D768396523}.Debug|x64.Build.0 = Debug|x64
		{7CD53A26-F17A-4FD8-A8D6-B5D768396523}.Release|x64.ActiveCfg = Release|x64
		{7CD53A26-F17A-4FD8-A8D6-B5D768396523}.Release|x64.Build.0 = Release|x64
		{2629BDAB-2ABD-43BE-A9B1-7165813E19AB}.Debug|x64.ActiveCfg = Debug|x64
		{2629BDAB-2ABD-43BE-A9B1-7165813E19AB}.Debug|x64.Build.0 = Debug|x64
		{2629BDAB-2ABD-43BE-A9B1-7165813E19AB}.Release|x64.ActiveCfg = Release|x64
		{2629BDAB-2ABD-43BE-A9B1-7165813E19AB}.Release|x64.Build.0 = Release|x64
		{9249B679-366D-4838-ADCE-A9A8E6EAEAB4}.Debug|x64.ActiveCfg = Debug|x64
		{9249B679-366D-4838-ADCE-A9A8E6EAEAB4}.Debug|x64.Build.0 = Debug|x64
		{9249B679-366D-4838-ADCE-A9A8E6EAEAB4}.Release|x64.ActiveCfg = Release|x64
		{9249B679-366D-4838-ADCE-A9A8E6EAEAB4}.Release|x64.Build.0 = Release|x64
		{B8F4B0C9-1EE7-4719-B927-5126F82E9713}.Debug|x64.ActiveCfg = Debug|x64
		{B8F4B0C9-1EE7-4719-B927-5126F82E9713}.Debug|x64.Build.0 = Debug|x64
		{B8F4B0C9-1EE7-4719-B927-5126F82E9713}.Release|x64.ActiveCfg = Release|x64
		{B8F4B0C9-1EE7-4719-B927-5126F82E9713}.Release|x64.Build.0 = Release|x64
		{B38AA81E-A244-3E86-BCBB-7B7E187DB218}.Debug|x64.ActiveCfg = Debug|x64
		{B38AA81E-A244-3E86-BCBB-7B7E187DB218}.Debug|x64.Build.0 = Debug|x64
		{B38AA81E-A244-3E86-BCBB-7B7E187DB218}.Release|x64.ActiveCfg = Release|x64
		{B38AA81E-A244-3E86-BCBB-7B7E187DB218}.Release|x64.Build.0 = Release|x64
		{9867C9D6-9122-494E-8D05-FEEB0E94CF75}.Debug|x64.ActiveCfg = Debug|x64
		{9867C9D6-9122-494E-8D05-FEEB0E94CF75}.Debug|x64.Build.0 = Debug|x64
		{9867C9D6-9122-494E-8D05-FEEB0E94CF75}.Release|x64.ActiveCfg = Release|x64
		{9867C9D6-9122-494E-8D05-FEEB0E94CF75}.Release|x64.Build.0 = Release|x64
		{EAF6A200-687E-4965-A739-85F6A3E6416F}.Debug|x64.ActiveCfg = Debug|x64
		{EAF6A200-687E-4965-A739-85F6A3E6416F}.Debug|x64.Build.0 = Debug|x64
		{EAF6A200-687E-4965-A739-85F6A3E6416F}.Release|x64.ActiveCfg = Release|x64
		{EAF6A200-687E-4965-A739-85F6A3E6416F}.Release|x64.Build.0 = Release|x64
	EndGlobalSection
	GlobalSection(SolutionProperties) = preSolution
		HideSolutionNode = FALSE
	EndGlobalSection
	GlobalSection(NestedProjects) = preSolution
		{D5B85B94-867E-42CD-8468-E7CBDC9913CC} = {61ED5423-6C74-4634-94E3-B6BC1504B72F}
		{DF82D5FD-55E6-428C-A9EF-98F8E8A9B39E} = {61ED5423-6C74-4634-94E3-B6BC1504B72F}
		{100E3FF2-6880-4F5A-A62A-BD536E9C6BED} = {61ED5423-6C74-4634-94E3-B6BC1504B72F}
		{A704B858-8B41-4DF7-B55A-8841B3D8A00F} = {61ED5423-6C74-4634-94E3-B6BC1504B72F}
		{E4A232C4-0921-4C21-845C-3BCFA69F4BC0} = {FFF96C77-7996-40DE-B93D-76501B9078AC}
		{59A84FD4-2855-46FC-9C97-1138198188CE} = {1F1EB853-7118-4108-B241-B602CF4D634F}
		{8AD9DE3D-3324-4E38-858C-5E25D72C18F7} = {1F1EB853-7118-4108-B241-B602CF4D634F}
		{D05BC9F9-8D5C-435A-883E-52C85CC3188B} = {1F1EB853-7118-4108-B241-B602CF4D634F}
		{71F8BE9A-6A6B-4645-AE33-234E67B59DFE} = {1F1EB853-7118-4108-B241-B602CF4D634F}
		{4D7B6AB4-42D2-4A93-959B-A2B0CB4C70AF} = {61ED5423-6C74-4634-94E3-B6BC1504B72F}
		{04688CC5-46A6-4698-A034-D2B9B72AB69B} = {562C69FC-B73F-4184-9CFE-9A29B86F5409}
		{08AC1536-33A7-45EB-B102-51DE1D107B52} = {562C69FC-B73F-4184-9CFE-9A29B86F5409}
		{69232C4D-43DF-40CF-AB26-5CDB4E555E61} = {FFF96C77-7996-40DE-B93D-76501B9078AC}
		{5D050FBC-7AFA-4D3C-8AE8-D8C138F15596} = {DF82D5FD-55E6-428C-A9EF-98F8E8A9B39E}
		{03B0B2AB-125F-49E6-9C53-ED7E5FC7718D} = {59A84FD4-2855-46FC-9C97-1138198188CE}
		{0ACAC0F8-A142-4811-83AA-598E80A38FBB} = {8AD9DE3D-3324-4E38-858C-5E25D72C18F7}
		{64F27FE8-975F-4F36-8C39-0BE14AB6C89E} = {59A84FD4-2855-46FC-9C97-1138198188CE}
		{A7BAFE5D-1301-48F8-878B-9BECB3DDE241} = {100E3FF2-6880-4F5A-A62A-BD536E9C6BED}
		{8ADDAA1C-ABB3-4E0F-AB8C-A905C6CC9EDF} = {D05BC9F9-8D5C-435A-883E-52C85CC3188B}
		{BC28FF1D-CC36-4812-B9AB-D3E8EF785FB2} = {D05BC9F9-8D5C-435A-883E-52C85CC3188B}
		{685C7F3B-DD9A-4A64-AC7C-51A12391AA5E} = {8AD9DE3D-3324-4E38-858C-5E25D72C18F7}
		{91C4971E-914C-4AD8-9711-6B53E856884C} = {D5B85B94-867E-42CD-8468-E7CBDC9913CC}
		{A056DC84-1808-49C6-BFAA-41EBE324A1FC} = {D5B85B94-867E-42CD-8468-E7CBDC9913CC}
		{C43743A1-7208-41D0-AA2D-098A15E43559} = {DF82D5FD-55E6-428C-A9EF-98F8E8A9B39E}
		{0FB6AEED-A49C-4FD2-9F17-2B0C1ED28BE3} = {100E3FF2-6880-4F5A-A62A-BD536E9C6BED}
		{9FB4A6D1-4EC2-4341-AA6D-878AE2BF65BC} = {59A84FD4-2855-46FC-9C97-1138198188CE}
		{2D6BCBCA-CC6C-49FE-A6AA-61AF62529118} = {A704B858-8B41-4DF7-B55A-8841B3D8A00F}
		{51065F4C-23D3-4C5F-AF5B-E70776409D7B} = {A704B858-8B41-4DF7-B55A-8841B3D8A00F}
		{73054CB6-9CC1-45D0-91A9-EDF50CF361A4} = {DF82D5FD-55E6-428C-A9EF-98F8E8A9B39E}
		{828C8956-8E10-40E6-95E1-25F29A74B701} = {D05BC9F9-8D5C-435A-883E-52C85CC3188B}
		{83B2DCB2-3F71-41A7-B235-C4E32045C730} = {8AD9DE3D-3324-4E38-858C-5E25D72C18F7}
		{E4DD914F-DCA3-4CF6-A2C0-6461270D3235} = {E4A232C4-0921-4C21-845C-3BCFA69F4BC0}
		{10D19D73-B9E4-42BB-844A-082A986ED6C5} = {E4A232C4-0921-4C21-845C-3BCFA69F4BC0}
		{AAE44000-23CC-4039-B135-3E04708C6CE2} = {E4A232C4-0921-4C21-845C-3BCFA69F4BC0}
		{6BD9299F-31B8-4AB1-B6CE-62DA33CF19B5} = {E4A232C4-0921-4C21-845C-3BCFA69F4BC0}
		{FEBFF54E-5BBA-454C-A4A5-326B8D858990} = {E4A232C4-0921-4C21-845C-3BCFA69F4BC0}
		{F9102D02-48CF-4954-B1C2-ED815BAA11A6} = {E4A232C4-0921-4C21-845C-3BCFA69F4BC0}
		{E9A42412-934D-4E9C-B035-FA6CDABD97BC} = {E4A232C4-0921-4C21-845C-3BCFA69F4BC0}
		{F0E67372-E42B-4FEB-9B61-82BE85DDCBFF} = {EE53212E-A457-48EE-B57A-6A56AC12DD34}
		{4FE52682-46E0-4703-82FA-CCA07DC3F611} = {EE53212E-A457-48EE-B57A-6A56AC12DD34}
		{5849A2F3-6526-4967-97CF-30CA683A16CC} = {71F8BE9A-6A6B-4645-AE33-234E67B59DFE}
		{62E2E1DA-4AFA-4880-A508-1C4F217C93B1} = {4D7B6AB4-42D2-4A93-959B-A2B0CB4C70AF}
		{BB021F24-40FB-47B8-AA35-874726D642B9} = {04688CC5-46A6-4698-A034-D2B9B72AB69B}
		{B986E78F-2CEE-49F4-8F50-52D4961E0A28} = {08AC1536-33A7-45EB-B102-51DE1D107B52}
		{10382558-3C7B-4BED-BEE8-C89EDCAE740B} = {61ED5423-6C74-4634-94E3-B6BC1504B72F}
		{1AD4A51A-0A37-464E-BEC2-9D840FC0139F} = {69232C4D-43DF-40CF-AB26-5CDB4E555E61}
		{C9C3E32A-309C-433F-B463-4F677A20F0B9} = {61ED5423-6C74-4634-94E3-B6BC1504B72F}
		{C47698E9-FAF7-4B58-8D5D-416C10685325} = {C9C3E32A-309C-433F-B463-4F677A20F0B9}
		{005E6B5B-C1D0-4DB2-9870-2098A33C40D0} = {E4A232C4-0921-4C21-845C-3BCFA69F4BC0}
		{ED6C470E-6AD1-4EEC-A3D2-7CEA046CE060} = {1F1EB853-7118-4108-B241-B602CF4D634F}
		{E1C16E8B-106C-4F98-B405-7D252766DDA8} = {ED6C470E-6AD1-4EEC-A3D2-7CEA046CE060}
		{F4CA74CC-D0C3-4D11-8C8F-20653A3C74A1} = {1F1EB853-7118-4108-B241-B602CF4D634F}
		{D3D142F6-FAE5-4DBE-B158-190578B8A44B} = {F4CA74CC-D0C3-4D11-8C8F-20653A3C74A1}
		{B7D456AD-0424-4CE2-ABDF-8D29DCEB8AC8} = {61ED5423-6C74-4634-94E3-B6BC1504B72F}
		{DE06B5A7-57CC-4DD0-B168-1CE6CDC02C17} = {B7D456AD-0424-4CE2-ABDF-8D29DCEB8AC8}
		{CAC3B74C-75E7-4555-A925-F0983442D744} = {EE53212E-A457-48EE-B57A-6A56AC12DD34}
		{19E87353-7A19-4CE4-B1C1-C2032B62B799} = {05071B59-521D-4077-BC84-98F59C17610A}
		{5F3AF3FA-1CF3-4D3D-A105-8859BE35B757} = {19E87353-7A19-4CE4-B1C1-C2032B62B799}
		{18FB4D20-7250-4F05-A237-E0E8D6BA601A} = {19E87353-7A19-4CE4-B1C1-C2032B62B799}
		{59281EC5-5DAF-44C9-9B26-5A1F8DE3CB44} = {19E87353-7A19-4CE4-B1C1-C2032B62B799}
		{0C894FD0-D65E-42D5-B343-EC2076E98641} = {E4A232C4-0921-4C21-845C-3BCFA69F4BC0}
		{CB19EFB9-3C0B-48DB-B1AD-7184610ECDFA} = {19E87353-7A19-4CE4-B1C1-C2032B62B799}
		{B57FD1B0-684A-4A26-946D-2B54D0EB3994} = {A704B858-8B41-4DF7-B55A-8841B3D8A00F}
		{F25A2ED2-7095-4B32-94F0-37E94F900227} = {19E87353-7A19-4CE4-B1C1-C2032B62B799}
		{E3620DA6-EA25-4655-8A8C-B26176BC5175} = {B1080170-9D83-4E24-BBC7-F3490C5E8B0C}
		{D7D19E8E-CECE-42A5-8B0D-16DB489BD0EA} = {61ED5423-6C74-4634-94E3-B6BC1504B72F}
		{3D34F0B9-2711-4C1B-B59E-5AF94894264B} = {D7D19E8E-CECE-42A5-8B0D-16DB489BD0EA}
		{5EB7BBB6-2C9C-406D-A477-751D296902DE} = {61ED5423-6C74-4634-94E3-B6BC1504B72F}
		{F3329356-5A5C-42F2-9134-5A29D0E1A7EC} = {5EB7BBB6-2C9C-406D-A477-751D296902DE}
		{366B2345-00EC-49BD-AC12-9BF652A2ECA9} = {B1080170-9D83-4E24-BBC7-F3490C5E8B0C}
		{A5638E14-9D2D-49ED-ACA3-A73833756311} = {366B2345-00EC-49BD-AC12-9BF652A2ECA9}
		{C7778AEB-A70B-4A77-96CF-09A8E5185BEF} = {B1080170-9D83-4E24-BBC7-F3490C5E8B0C}
		{1ED7D7C9-ACA9-4A50-8217-0901E12B1D70} = {C7778AEB-A70B-4A77-96CF-09A8E5185BEF}
		{6BE0AEB3-6AF7-4D3C-9E97-151D71B6A22B} = {61ED5423-6C74-4634-94E3-B6BC1504B72F}
		{D343152C-DE4D-43BA-B40F-DCE169B95416} = {6BE0AEB3-6AF7-4D3C-9E97-151D71B6A22B}
		{8F31A11F-AA75-4D4F-A100-A7DDAAF01D98} = {05071B59-521D-4077-BC84-98F59C17610A}
		{D442E946-22B3-4006-AFE2-8F4E8B33E38F} = {8F31A11F-AA75-4D4F-A100-A7DDAAF01D98}
		{AAB706B3-4AD2-4F2F-A01F-53297CD70F9A} = {8F31A11F-AA75-4D4F-A100-A7DDAAF01D98}
		{019C8879-818C-4D6B-9E3B-19AB3E1A91FF} = {8F31A11F-AA75-4D4F-A100-A7DDAAF01D98}
		{1544CEA3-1365-4482-A719-FF5C14BBAE29} = {E3620DA6-EA25-4655-8A8C-B26176BC5175}
		{C29AA190-5BE8-4674-AA8A-E858964D3C08} = {E3620DA6-EA25-4655-8A8C-B26176BC5175}
		{1E2D64D6-9229-4E0C-B1F5-6856E3E12403} = {61ED5423-6C74-4634-94E3-B6BC1504B72F}
		{7CD53A26-F17A-4FD8-A8D6-B5D768396523} = {1E2D64D6-9229-4E0C-B1F5-6856E3E12403}
		{2629BDAB-2ABD-43BE-A9B1-7165813E19AB} = {1E2D64D6-9229-4E0C-B1F5-6856E3E12403}
		{684820BB-709E-4CED-B520-259C8C1F2902} = {B1080170-9D83-4E24-BBC7-F3490C5E8B0C}
		{9249B679-366D-4838-ADCE-A9A8E6EAEAB4} = {684820BB-709E-4CED-B520-259C8C1F2902}
		{B8F4B0C9-1EE7-4719-B927-5126F82E9713} = {684820BB-709E-4CED-B520-259C8C1F2902}
		{B38AA81E-A244-3E86-BCBB-7B7E187DB218} = {684820BB-709E-4CED-B520-259C8C1F2902}
		{9867C9D6-9122-494E-8D05-FEEB0E94CF75} = {684820BB-709E-4CED-B520-259C8C1F2902}
		{EAF6A200-687E-4965-A739-85F6A3E6416F} = {684820BB-709E-4CED-B520-259C8C1F2902}
	EndGlobalSection
	GlobalSection(ExtensibilityGlobals) = postSolution
		SolutionGuid = {CCFAE5A5-D5A4-43E5-9DDC-89F845D26E69}
	EndGlobalSection
EndGlobal
