Microsoft Visual Studio Solution File, Format Version 12.00
# Visual Studio 2012
Project("{6989167D-11E4-40FE-8C1A-2192A86A7E90}") = "io_netcdf", "utils_lgpl\io_netcdf\packages\io_netcdf\io_netcdf.vfproj", "{3D34F0B9-2711-4C1B-B59E-5AF94894264B}"
	ProjectSection(ProjectDependencies) = postProject
		{C29AA190-5BE8-4674-AA8A-E858964D3C08} = {C29AA190-5BE8-4674-AA8A-E858964D3C08}
		{2D6BCBCA-CC6C-49FE-A6AA-61AF62529118} = {2D6BCBCA-CC6C-49FE-A6AA-61AF62529118}
	EndProjectSection
EndProject
Project("{6989167D-11E4-40FE-8C1A-2192A86A7E90}") = "io_netcdf_dll", "utils_lgpl\io_netcdf\packages\io_netcdf\io_netcdf_dll.vfproj", "{F8DB0933-F02C-49B3-8C4A-1C05688BC246}"
	ProjectSection(ProjectDependencies) = postProject
		{C29AA190-5BE8-4674-AA8A-E858964D3C08} = {C29AA190-5BE8-4674-AA8A-E858964D3C08}
		{3D34F0B9-2711-4C1B-B59E-5AF94894264B} = {3D34F0B9-2711-4C1B-B59E-5AF94894264B}
		{2D6BCBCA-CC6C-49FE-A6AA-61AF62529118} = {2D6BCBCA-CC6C-49FE-A6AA-61AF62529118}
	EndProjectSection
EndProject
Project("{2150E333-8FDC-42A3-9474-1A3956D46DE8}") = "third_party", "third_party", "{DBE588E1-C5B5-446E-9478-621EF0CE98BD}"
EndProject
Project("{2150E333-8FDC-42A3-9474-1A3956D46DE8}") = "io_netcdf", "io_netcdf", "{DE739998-B15D-4D45-95EB-2E384A722F5A}"
EndProject
Project("{6989167D-11E4-40FE-8C1A-2192A86A7E90}") = "f90_netcdf", "third_party_open\netcdf\src\win32\2005\f90_netcdf\f90_netcdf.vfproj", "{C29AA190-5BE8-4674-AA8A-E858964D3C08}"
	ProjectSection(ProjectDependencies) = postProject
		{5250F13E-C280-42FC-8CDF-74E96A500605} = {5250F13E-C280-42FC-8CDF-74E96A500605}
		{1544CEA3-1365-4482-A719-FF5C14BBAE29} = {1544CEA3-1365-4482-A719-FF5C14BBAE29}
	EndProjectSection
EndProject
Project("{8BC9CEB8-8B4A-11D0-8D11-00A0C91BC942}") = "f77_netcdf", "third_party_open\netcdf\src\win32\2005\f77_netcdf\f77_netcdf.vcxproj", "{5250F13E-C280-42FC-8CDF-74E96A500605}"
EndProject
Project("{8BC9CEB8-8B4A-11D0-8D11-00A0C91BC942}") = "netcdf", "third_party_open\netcdf\src\win32\2005\libsrc\netcdf.vcxproj", "{1544CEA3-1365-4482-A719-FF5C14BBAE29}"
EndProject
Project("{6989167D-11E4-40FE-8C1A-2192A86A7E90}") = "deltares_common", "utils_lgpl\deltares_common\packages\deltares_common\deltares_common.vfproj", "{2D6BCBCA-CC6C-49FE-A6AA-61AF62529118}"
EndProject
Project("{2150E333-8FDC-42A3-9474-1A3956D46DE8}") = "tests", "tests", "{45F9B8FA-D69A-4A0C-A56B-BEBB7626E319}"
EndProject
Project("{FAE04EC0-301F-11D3-BF4B-00C04F79EFBC}") = "UGrid.tests", "utils_lgpl\io_netcdf\packages\tests\UGrid.tests\UGrid.tests.csproj", "{20C4AEC6-AAC8-44AA-842E-325FA771DE9F}"
	ProjectSection(ProjectDependencies) = postProject
		{F8DB0933-F02C-49B3-8C4A-1C05688BC246} = {F8DB0933-F02C-49B3-8C4A-1C05688BC246}
	EndProjectSection
EndProject
Project("{FAE04EC0-301F-11D3-BF4B-00C04F79EFBC}") = "General.tests", "utils_lgpl\unittests\General.tests\General.tests.csproj", "{977F480F-21E9-47B0-ACAD-8E6C23D94F13}"
EndProject
Global
	GlobalSection(SolutionConfigurationPlatforms) = preSolution
		Debug|Any CPU = Debug|Any CPU
		Debug|Mixed Platforms = Debug|Mixed Platforms
		Debug|Win32 = Debug|Win32
		Debug|x64 = Debug|x64
		Debug|x86 = Debug|x86
		Release|Any CPU = Release|Any CPU
		Release|Mixed Platforms = Release|Mixed Platforms
		Release|Win32 = Release|Win32
		Release|x64 = Release|x64
		Release|x86 = Release|x86
	EndGlobalSection
	GlobalSection(ProjectConfigurationPlatforms) = postSolution
		{3D34F0B9-2711-4C1B-B59E-5AF94894264B}.Debug|Any CPU.ActiveCfg = Debug|Win32
		{3D34F0B9-2711-4C1B-B59E-5AF94894264B}.Debug|Mixed Platforms.ActiveCfg = Debug|Win32
		{3D34F0B9-2711-4C1B-B59E-5AF94894264B}.Debug|Mixed Platforms.Build.0 = Debug|Win32
		{3D34F0B9-2711-4C1B-B59E-5AF94894264B}.Debug|Win32.ActiveCfg = Debug|Win32
		{3D34F0B9-2711-4C1B-B59E-5AF94894264B}.Debug|Win32.Build.0 = Debug|Win32
		{3D34F0B9-2711-4C1B-B59E-5AF94894264B}.Debug|x64.ActiveCfg = Debug|x64
		{3D34F0B9-2711-4C1B-B59E-5AF94894264B}.Debug|x64.Build.0 = Debug|x64
		{3D34F0B9-2711-4C1B-B59E-5AF94894264B}.Debug|x86.ActiveCfg = Debug|Win32
		{3D34F0B9-2711-4C1B-B59E-5AF94894264B}.Debug|x86.Build.0 = Debug|Win32
		{3D34F0B9-2711-4C1B-B59E-5AF94894264B}.Release|Any CPU.ActiveCfg = Release|Win32
		{3D34F0B9-2711-4C1B-B59E-5AF94894264B}.Release|Mixed Platforms.ActiveCfg = Release|Win32
		{3D34F0B9-2711-4C1B-B59E-5AF94894264B}.Release|Mixed Platforms.Build.0 = Release|Win32
		{3D34F0B9-2711-4C1B-B59E-5AF94894264B}.Release|Win32.ActiveCfg = Release|Win32
		{3D34F0B9-2711-4C1B-B59E-5AF94894264B}.Release|Win32.Build.0 = Release|Win32
		{3D34F0B9-2711-4C1B-B59E-5AF94894264B}.Release|x64.ActiveCfg = Release|x64
		{3D34F0B9-2711-4C1B-B59E-5AF94894264B}.Release|x64.Build.0 = Release|x64
		{3D34F0B9-2711-4C1B-B59E-5AF94894264B}.Release|x86.ActiveCfg = Release|Win32
		{3D34F0B9-2711-4C1B-B59E-5AF94894264B}.Release|x86.Build.0 = Release|Win32
		{F8DB0933-F02C-49B3-8C4A-1C05688BC246}.Debug|Any CPU.ActiveCfg = Debug|Win32
		{F8DB0933-F02C-49B3-8C4A-1C05688BC246}.Debug|Mixed Platforms.ActiveCfg = Debug|Win32
		{F8DB0933-F02C-49B3-8C4A-1C05688BC246}.Debug|Mixed Platforms.Build.0 = Debug|Win32
		{F8DB0933-F02C-49B3-8C4A-1C05688BC246}.Debug|Win32.ActiveCfg = Debug|Win32
		{F8DB0933-F02C-49B3-8C4A-1C05688BC246}.Debug|Win32.Build.0 = Debug|Win32
		{F8DB0933-F02C-49B3-8C4A-1C05688BC246}.Debug|x64.ActiveCfg = Debug|x64
		{F8DB0933-F02C-49B3-8C4A-1C05688BC246}.Debug|x64.Build.0 = Debug|x64
		{F8DB0933-F02C-49B3-8C4A-1C05688BC246}.Debug|x86.ActiveCfg = Debug|Win32
		{F8DB0933-F02C-49B3-8C4A-1C05688BC246}.Debug|x86.Build.0 = Debug|Win32
		{F8DB0933-F02C-49B3-8C4A-1C05688BC246}.Release|Any CPU.ActiveCfg = Release|Win32
		{F8DB0933-F02C-49B3-8C4A-1C05688BC246}.Release|Mixed Platforms.ActiveCfg = Release|Win32
		{F8DB0933-F02C-49B3-8C4A-1C05688BC246}.Release|Mixed Platforms.Build.0 = Release|Win32
		{F8DB0933-F02C-49B3-8C4A-1C05688BC246}.Release|Win32.ActiveCfg = Release|Win32
		{F8DB0933-F02C-49B3-8C4A-1C05688BC246}.Release|Win32.Build.0 = Release|Win32
		{F8DB0933-F02C-49B3-8C4A-1C05688BC246}.Release|x64.ActiveCfg = Release|x64
		{F8DB0933-F02C-49B3-8C4A-1C05688BC246}.Release|x64.Build.0 = Release|x64
		{F8DB0933-F02C-49B3-8C4A-1C05688BC246}.Release|x86.ActiveCfg = Release|Win32
		{F8DB0933-F02C-49B3-8C4A-1C05688BC246}.Release|x86.Build.0 = Release|Win32
		{C29AA190-5BE8-4674-AA8A-E858964D3C08}.Debug|Any CPU.ActiveCfg = Debug|Win32
		{C29AA190-5BE8-4674-AA8A-E858964D3C08}.Debug|Mixed Platforms.ActiveCfg = Debug|Win32
		{C29AA190-5BE8-4674-AA8A-E858964D3C08}.Debug|Mixed Platforms.Build.0 = Debug|Win32
		{C29AA190-5BE8-4674-AA8A-E858964D3C08}.Debug|Win32.ActiveCfg = Debug|Win32
		{C29AA190-5BE8-4674-AA8A-E858964D3C08}.Debug|Win32.Build.0 = Debug|Win32
		{C29AA190-5BE8-4674-AA8A-E858964D3C08}.Debug|x64.ActiveCfg = Debug|x64
		{C29AA190-5BE8-4674-AA8A-E858964D3C08}.Debug|x64.Build.0 = Debug|x64
		{C29AA190-5BE8-4674-AA8A-E858964D3C08}.Debug|x86.ActiveCfg = Debug|Win32
		{C29AA190-5BE8-4674-AA8A-E858964D3C08}.Debug|x86.Build.0 = Debug|Win32
		{C29AA190-5BE8-4674-AA8A-E858964D3C08}.Release|Any CPU.ActiveCfg = Release|Win32
		{C29AA190-5BE8-4674-AA8A-E858964D3C08}.Release|Mixed Platforms.ActiveCfg = Release|Win32
		{C29AA190-5BE8-4674-AA8A-E858964D3C08}.Release|Mixed Platforms.Build.0 = Release|Win32
		{C29AA190-5BE8-4674-AA8A-E858964D3C08}.Release|Win32.ActiveCfg = Release|Win32
		{C29AA190-5BE8-4674-AA8A-E858964D3C08}.Release|Win32.Build.0 = Release|Win32
		{C29AA190-5BE8-4674-AA8A-E858964D3C08}.Release|x64.ActiveCfg = Release|x64
		{C29AA190-5BE8-4674-AA8A-E858964D3C08}.Release|x64.Build.0 = Release|x64
		{C29AA190-5BE8-4674-AA8A-E858964D3C08}.Release|x86.ActiveCfg = Release|Win32
		{C29AA190-5BE8-4674-AA8A-E858964D3C08}.Release|x86.Build.0 = Release|Win32
		{5250F13E-C280-42FC-8CDF-74E96A500605}.Debug|Any CPU.ActiveCfg = Debug|Win32
		{5250F13E-C280-42FC-8CDF-74E96A500605}.Debug|Mixed Platforms.ActiveCfg = Debug|Win32
		{5250F13E-C280-42FC-8CDF-74E96A500605}.Debug|Mixed Platforms.Build.0 = Debug|Win32
		{5250F13E-C280-42FC-8CDF-74E96A500605}.Debug|Win32.ActiveCfg = Debug|Win32
		{5250F13E-C280-42FC-8CDF-74E96A500605}.Debug|Win32.Build.0 = Debug|Win32
		{5250F13E-C280-42FC-8CDF-74E96A500605}.Debug|x64.ActiveCfg = Debug|x64
		{5250F13E-C280-42FC-8CDF-74E96A500605}.Debug|x64.Build.0 = Debug|x64
		{5250F13E-C280-42FC-8CDF-74E96A500605}.Debug|x86.ActiveCfg = Debug|Win32
		{5250F13E-C280-42FC-8CDF-74E96A500605}.Debug|x86.Build.0 = Debug|Win32
		{5250F13E-C280-42FC-8CDF-74E96A500605}.Release|Any CPU.ActiveCfg = Release|Win32
		{5250F13E-C280-42FC-8CDF-74E96A500605}.Release|Mixed Platforms.ActiveCfg = Release|Win32
		{5250F13E-C280-42FC-8CDF-74E96A500605}.Release|Mixed Platforms.Build.0 = Release|Win32
		{5250F13E-C280-42FC-8CDF-74E96A500605}.Release|Win32.ActiveCfg = Release|Win32
		{5250F13E-C280-42FC-8CDF-74E96A500605}.Release|Win32.Build.0 = Release|Win32
		{5250F13E-C280-42FC-8CDF-74E96A500605}.Release|x64.ActiveCfg = Release|x64
		{5250F13E-C280-42FC-8CDF-74E96A500605}.Release|x64.Build.0 = Release|x64
		{5250F13E-C280-42FC-8CDF-74E96A500605}.Release|x86.ActiveCfg = Release|Win32
		{5250F13E-C280-42FC-8CDF-74E96A500605}.Release|x86.Build.0 = Release|Win32
		{1544CEA3-1365-4482-A719-FF5C14BBAE29}.Debug|Any CPU.ActiveCfg = Debug|Win32
		{1544CEA3-1365-4482-A719-FF5C14BBAE29}.Debug|Mixed Platforms.ActiveCfg = Debug|Win32
		{1544CEA3-1365-4482-A719-FF5C14BBAE29}.Debug|Mixed Platforms.Build.0 = Debug|Win32
		{1544CEA3-1365-4482-A719-FF5C14BBAE29}.Debug|Win32.ActiveCfg = Debug|Win32
		{1544CEA3-1365-4482-A719-FF5C14BBAE29}.Debug|Win32.Build.0 = Debug|Win32
		{1544CEA3-1365-4482-A719-FF5C14BBAE29}.Debug|x64.ActiveCfg = Debug|x64
		{1544CEA3-1365-4482-A719-FF5C14BBAE29}.Debug|x64.Build.0 = Debug|x64
		{1544CEA3-1365-4482-A719-FF5C14BBAE29}.Debug|x86.ActiveCfg = Debug|Win32
		{1544CEA3-1365-4482-A719-FF5C14BBAE29}.Debug|x86.Build.0 = Debug|Win32
		{1544CEA3-1365-4482-A719-FF5C14BBAE29}.Release|Any CPU.ActiveCfg = Release|Win32
		{1544CEA3-1365-4482-A719-FF5C14BBAE29}.Release|Mixed Platforms.ActiveCfg = Release|Win32
		{1544CEA3-1365-4482-A719-FF5C14BBAE29}.Release|Mixed Platforms.Build.0 = Release|Win32
		{1544CEA3-1365-4482-A719-FF5C14BBAE29}.Release|Win32.ActiveCfg = Release|Win32
		{1544CEA3-1365-4482-A719-FF5C14BBAE29}.Release|Win32.Build.0 = Release|Win32
		{1544CEA3-1365-4482-A719-FF5C14BBAE29}.Release|x64.ActiveCfg = Release|x64
		{1544CEA3-1365-4482-A719-FF5C14BBAE29}.Release|x64.Build.0 = Release|x64
		{1544CEA3-1365-4482-A719-FF5C14BBAE29}.Release|x86.ActiveCfg = Release|Win32
		{1544CEA3-1365-4482-A719-FF5C14BBAE29}.Release|x86.Build.0 = Release|Win32
		{2D6BCBCA-CC6C-49FE-A6AA-61AF62529118}.Debug|Any CPU.ActiveCfg = Debug|Win32
		{2D6BCBCA-CC6C-49FE-A6AA-61AF62529118}.Debug|Mixed Platforms.ActiveCfg = Debug|Win32
		{2D6BCBCA-CC6C-49FE-A6AA-61AF62529118}.Debug|Mixed Platforms.Build.0 = Debug|Win32
		{2D6BCBCA-CC6C-49FE-A6AA-61AF62529118}.Debug|Win32.ActiveCfg = Debug|Win32
		{2D6BCBCA-CC6C-49FE-A6AA-61AF62529118}.Debug|Win32.Build.0 = Debug|Win32
		{2D6BCBCA-CC6C-49FE-A6AA-61AF62529118}.Debug|x64.ActiveCfg = Debug|x64
		{2D6BCBCA-CC6C-49FE-A6AA-61AF62529118}.Debug|x64.Build.0 = Debug|x64
		{2D6BCBCA-CC6C-49FE-A6AA-61AF62529118}.Debug|x86.ActiveCfg = Debug|Win32
		{2D6BCBCA-CC6C-49FE-A6AA-61AF62529118}.Debug|x86.Build.0 = Debug|Win32
		{2D6BCBCA-CC6C-49FE-A6AA-61AF62529118}.Release|Any CPU.ActiveCfg = Release|Win32
		{2D6BCBCA-CC6C-49FE-A6AA-61AF62529118}.Release|Mixed Platforms.ActiveCfg = Release|Win32
		{2D6BCBCA-CC6C-49FE-A6AA-61AF62529118}.Release|Mixed Platforms.Build.0 = Release|Win32
		{2D6BCBCA-CC6C-49FE-A6AA-61AF62529118}.Release|Win32.ActiveCfg = Release|Win32
		{2D6BCBCA-CC6C-49FE-A6AA-61AF62529118}.Release|Win32.Build.0 = Release|Win32
		{2D6BCBCA-CC6C-49FE-A6AA-61AF62529118}.Release|x64.ActiveCfg = Release|x64
		{2D6BCBCA-CC6C-49FE-A6AA-61AF62529118}.Release|x64.Build.0 = Release|x64
		{2D6BCBCA-CC6C-49FE-A6AA-61AF62529118}.Release|x86.ActiveCfg = Release|Win32
		{2D6BCBCA-CC6C-49FE-A6AA-61AF62529118}.Release|x86.Build.0 = Release|Win32
		{20C4AEC6-AAC8-44AA-842E-325FA771DE9F}.Debug|Any CPU.ActiveCfg = Debug|Any CPU
		{20C4AEC6-AAC8-44AA-842E-325FA771DE9F}.Debug|Any CPU.Build.0 = Debug|Any CPU
		{20C4AEC6-AAC8-44AA-842E-325FA771DE9F}.Debug|Mixed Platforms.ActiveCfg = Debug|Any CPU
		{20C4AEC6-AAC8-44AA-842E-325FA771DE9F}.Debug|Mixed Platforms.Build.0 = Debug|Any CPU
		{20C4AEC6-AAC8-44AA-842E-325FA771DE9F}.Debug|Win32.ActiveCfg = Debug|x86
		{20C4AEC6-AAC8-44AA-842E-325FA771DE9F}.Debug|x64.ActiveCfg = Debug|x64
		{20C4AEC6-AAC8-44AA-842E-325FA771DE9F}.Debug|x86.ActiveCfg = Debug|x86
		{20C4AEC6-AAC8-44AA-842E-325FA771DE9F}.Release|Any CPU.ActiveCfg = Release|Any CPU
		{20C4AEC6-AAC8-44AA-842E-325FA771DE9F}.Release|Any CPU.Build.0 = Release|Any CPU
		{20C4AEC6-AAC8-44AA-842E-325FA771DE9F}.Release|Mixed Platforms.ActiveCfg = Release|Any CPU
		{20C4AEC6-AAC8-44AA-842E-325FA771DE9F}.Release|Mixed Platforms.Build.0 = Release|Any CPU
		{20C4AEC6-AAC8-44AA-842E-325FA771DE9F}.Release|Win32.ActiveCfg = Release|x86
		{20C4AEC6-AAC8-44AA-842E-325FA771DE9F}.Release|x64.ActiveCfg = Release|x64
		{20C4AEC6-AAC8-44AA-842E-325FA771DE9F}.Release|x86.ActiveCfg = Release|Any CPU
		{977F480F-21E9-47B0-ACAD-8E6C23D94F13}.Debug|Any CPU.ActiveCfg = Debug|Any CPU
		{977F480F-21E9-47B0-ACAD-8E6C23D94F13}.Debug|Any CPU.Build.0 = Debug|Any CPU
		{977F480F-21E9-47B0-ACAD-8E6C23D94F13}.Debug|Mixed Platforms.ActiveCfg = Debug|Any CPU
		{977F480F-21E9-47B0-ACAD-8E6C23D94F13}.Debug|Mixed Platforms.Build.0 = Debug|Any CPU
		{977F480F-21E9-47B0-ACAD-8E6C23D94F13}.Debug|Win32.ActiveCfg = Debug|x86
		{977F480F-21E9-47B0-ACAD-8E6C23D94F13}.Debug|x64.ActiveCfg = Debug|x64
		{977F480F-21E9-47B0-ACAD-8E6C23D94F13}.Debug|x86.ActiveCfg = Debug|x86
		{977F480F-21E9-47B0-ACAD-8E6C23D94F13}.Release|Any CPU.ActiveCfg = Release|Any CPU
		{977F480F-21E9-47B0-ACAD-8E6C23D94F13}.Release|Any CPU.Build.0 = Release|Any CPU
		{977F480F-21E9-47B0-ACAD-8E6C23D94F13}.Release|Mixed Platforms.ActiveCfg = Release|Any CPU
		{977F480F-21E9-47B0-ACAD-8E6C23D94F13}.Release|Mixed Platforms.Build.0 = Release|Any CPU
		{977F480F-21E9-47B0-ACAD-8E6C23D94F13}.Release|Win32.ActiveCfg = Release|Any CPU
		{977F480F-21E9-47B0-ACAD-8E6C23D94F13}.Release|x64.ActiveCfg = Release|x64
		{977F480F-21E9-47B0-ACAD-8E6C23D94F13}.Release|x86.ActiveCfg = Release|Any CPU
	EndGlobalSection
	GlobalSection(SolutionProperties) = preSolution
		HideSolutionNode = FALSE
	EndGlobalSection
	GlobalSection(NestedProjects) = preSolution
		{3D34F0B9-2711-4C1B-B59E-5AF94894264B} = {DE739998-B15D-4D45-95EB-2E384A722F5A}
		{F8DB0933-F02C-49B3-8C4A-1C05688BC246} = {DE739998-B15D-4D45-95EB-2E384A722F5A}
		{C29AA190-5BE8-4674-AA8A-E858964D3C08} = {DBE588E1-C5B5-446E-9478-621EF0CE98BD}
		{5250F13E-C280-42FC-8CDF-74E96A500605} = {DBE588E1-C5B5-446E-9478-621EF0CE98BD}
		{1544CEA3-1365-4482-A719-FF5C14BBAE29} = {DBE588E1-C5B5-446E-9478-621EF0CE98BD}
		{2D6BCBCA-CC6C-49FE-A6AA-61AF62529118} = {DBE588E1-C5B5-446E-9478-621EF0CE98BD}
		{20C4AEC6-AAC8-44AA-842E-325FA771DE9F} = {45F9B8FA-D69A-4A0C-A56B-BEBB7626E319}
		{977F480F-21E9-47B0-ACAD-8E6C23D94F13} = {45F9B8FA-D69A-4A0C-A56B-BEBB7626E319}
	EndGlobalSection
EndGlobal
