<?xml version="1.0" encoding="utf-8"?>
<Project ToolsVersion="4.0" xmlns="http://schemas.microsoft.com/developer/msbuild/2003">
  <ItemGroup>
    <ClCompile Include="src\clock.cpp" />
    <ClCompile Include="src\component.cpp" />
    <ClCompile Include="src\coredump.cpp" />
    <ClCompile Include="src\dimr.cpp" />
    <ClCompile Include="src\dimr_lib_version.cpp" />
    <ClCompile Include="src\exception.cpp" />
    <ClCompile Include="src\log.cpp" />
    <ClCompile Include="src\stringutils.cpp" />
    <ClCompile Include="src\xmltree.cpp" />
    <ClCompile Include="DimrTests.cpp">
      <Filter>tests</Filter>
    </ClCompile>
  </ItemGroup>
  <ItemGroup>
    <ClInclude Include="include\bmi.h" />
    <ClInclude Include="include\clock.h" />
    <ClInclude Include="include\component.h" />
    <ClInclude Include="include\dimr.h" />
    <ClInclude Include="include\exception.h" />
    <ClInclude Include="include\getopt.h" />
    <ClInclude Include="include\log.h" />
    <ClInclude Include="include\stringutils.h" />
    <ClInclude Include="include\xmltree.h" />
    <ClInclude Include="DimrTests.h">
      <Filter>tests</Filter>
    </ClInclude>
  </ItemGroup>
  <ItemGroup>
    <ResourceCompile Include="include\dimr_lib_version.rc" />
  </ItemGroup>
  <ItemGroup>
    <None Include="include\version_number.ini" />
  </ItemGroup>
  <ItemGroup>
    <Filter Include="tests">
      <UniqueIdentifier>{6293bba8-1a81-487d-89d1-aa378b013607}</UniqueIdentifier>
    </Filter>
  </ItemGroup>
</Project>