
Microsoft Visual Studio Solution File, Format Version 9.00
# Visual Studio 2005
Project("{8BC9CEB8-8B4A-11D0-8D11-00A0C91BC942}") = "JavaLaunch", "JavaLaunch.vcproj", "{EBB63BF2-C6E8-4F40-BA2F-31038F731FD5}"
EndProject
Project("{8BC9CEB8-8B4A-11D0-8D11-00A0C91BC942}") = "testlaunch", "testlaunch.vcproj", "{E73C556E-E123-44F2-9FE7-E3E4B12AE3F1}"
EndProject
Global
	GlobalSection(SolutionConfigurationPlatforms) = preSolution
		Debug|Win32 = Debug|Win32
		Release|Win32 = Release|Win32
	EndGlobalSection
	GlobalSection(ProjectConfigurationPlatforms) = postSolution
		{EBB63BF2-C6E8-4F40-BA2F-31038F731FD5}.Debug|Win32.ActiveCfg = Debug|Win32
		{EBB63BF2-C6E8-4F40-BA2F-31038F731FD5}.Debug|Win32.Build.0 = Debug|Win32
		{EBB63BF2-C6E8-4F40-BA2F-31038F731FD5}.Release|Win32.ActiveCfg = Release|Win32
		{EBB63BF2-C6E8-4F40-BA2F-31038F731FD5}.Release|Win32.Build.0 = Release|Win32
		{E73C556E-E123-44F2-9FE7-E3E4B12AE3F1}.Debug|Win32.ActiveCfg = Debug|Win32
		{E73C556E-E123-44F2-9FE7-E3E4B12AE3F1}.Debug|Win32.Build.0 = Debug|Win32
		{E73C556E-E123-44F2-9FE7-E3E4B12AE3F1}.Release|Win32.ActiveCfg = Release|Win32
		{E73C556E-E123-44F2-9FE7-E3E4B12AE3F1}.Release|Win32.Build.0 = Release|Win32
	EndGlobalSection
	GlobalSection(SolutionProperties) = preSolution
		HideSolutionNode = FALSE
	EndGlobalSection
EndGlobal
